// !$*UTF8*$!
{
	archiveVersion = 1;
	classes = {
	};
	objectVersion = 46;
	objects = {

/* Begin PBXBuildFile section */
		6510FD791DD1D182002FA2DC /* PrettyPicturesActionHandler.swift in Sources */ = {isa = PBXBuildFile; fileRef = 6510FD781DD1D182002FA2DC /* PrettyPicturesActionHandler.swift */; };
		657DFE1B1DC8E21700F20C0E /* SelectionUITests.swift in Sources */ = {isa = PBXBuildFile; fileRef = 657DFE191DC8E21700F20C0E /* SelectionUITests.swift */; };
		657DFE1C1DC8E21700F20C0E /* Info.plist in Resources */ = {isa = PBXBuildFile; fileRef = 657DFE1A1DC8E21700F20C0E /* Info.plist */; };
		65A790361DDDA8FC00AD4078 /* NavigationItemUITests.swift in Sources */ = {isa = PBXBuildFile; fileRef = 65A790351DDDA8FC00AD4078 /* NavigationItemUITests.swift */; };
		8A27299A1D9546BB00EF43FC /* RootContentOperationFactory.swift in Sources */ = {isa = PBXBuildFile; fileRef = 8A2729991D9546BB00EF43FC /* RootContentOperationFactory.swift */; };
		8A27299E1D9546ED00EF43FC /* RootContentOperation.swift in Sources */ = {isa = PBXBuildFile; fileRef = 8A27299D1D9546ED00EF43FC /* RootContentOperation.swift */; };
		8A2729A21D95486A00EF43FC /* URL+ViewURIs.swift in Sources */ = {isa = PBXBuildFile; fileRef = 8A2729A11D95486A00EF43FC /* URL+ViewURIs.swift */; };
		8A374CFF1DBE659E0013E592 /* TodoListActionFactory.swift in Sources */ = {isa = PBXBuildFile; fileRef = 8A374CFC1DBE659E0013E592 /* TodoListActionFactory.swift */; };
		8A374D001DBE659E0013E592 /* TodoListAddAction.swift in Sources */ = {isa = PBXBuildFile; fileRef = 8A374CFD1DBE659E0013E592 /* TodoListAddAction.swift */; };
		8A374D011DBE659E0013E592 /* TodoListContentOperation.swift in Sources */ = {isa = PBXBuildFile; fileRef = 8A374CFE1DBE659E0013E592 /* TodoListContentOperation.swift */; };
		8A42E0AB1D8C376B004FAC33 /* AppDelegate.swift in Sources */ = {isa = PBXBuildFile; fileRef = 8A42E0A91D8C376B004FAC33 /* AppDelegate.swift */; };
		8A42E0B21D8C3779004FAC33 /* Assets.xcassets in Resources */ = {isa = PBXBuildFile; fileRef = 8A42E0AE1D8C3779004FAC33 /* Assets.xcassets */; };
		8A42E0B31D8C3779004FAC33 /* LaunchScreen.storyboard in Resources */ = {isa = PBXBuildFile; fileRef = 8A42E0AF1D8C3779004FAC33 /* LaunchScreen.storyboard */; };
		8A42E1001D8C399D004FAC33 /* libHubFramework.a in Frameworks */ = {isa = PBXBuildFile; fileRef = 8A42E0BB1D8C37B4004FAC33 /* libHubFramework.a */; };
		8A42E1F71D8C468C004FAC33 /* ComponentLayoutManager.swift in Sources */ = {isa = PBXBuildFile; fileRef = 8A42E1F61D8C468C004FAC33 /* ComponentLayoutManager.swift */; };
		8A42E1F91D8C476C004FAC33 /* ComponentFallbackHandler.swift in Sources */ = {isa = PBXBuildFile; fileRef = 8A42E1F81D8C476C004FAC33 /* ComponentFallbackHandler.swift */; };
		8A42E1FB1D8C4CEB004FAC33 /* RowComponent.swift in Sources */ = {isa = PBXBuildFile; fileRef = 8A42E1FA1D8C4CEB004FAC33 /* RowComponent.swift */; };
		8AA98C451DD3778B006CA6AA /* PaginationUITests.swift in Sources */ = {isa = PBXBuildFile; fileRef = 8AA98C441DD3778B006CA6AA /* PaginationUITests.swift */; };
		8AB850961DBF9DE300AFAFD0 /* CarouselComponent.swift in Sources */ = {isa = PBXBuildFile; fileRef = 8AB850951DBF9DE300AFAFD0 /* CarouselComponent.swift */; };
		8ABCCEAA1D9D1AC3005113B5 /* ReallyLongListContentOperation.swift in Sources */ = {isa = PBXBuildFile; fileRef = 8ABCCEA91D9D1AC3005113B5 /* ReallyLongListContentOperation.swift */; };
		8ABCCEAC1D9D1AE4005113B5 /* ReallyLongListContentOperationFactory.swift in Sources */ = {isa = PBXBuildFile; fileRef = 8ABCCEAB1D9D1AE4005113B5 /* ReallyLongListContentOperationFactory.swift */; };
		8AD14FED1D9958A90008E182 /* UIImageView+Animation.swift in Sources */ = {isa = PBXBuildFile; fileRef = 8AD14FEC1D9958A90008E182 /* UIImageView+Animation.swift */; };
		8AD5EDB71D9A7D50004B2CEA /* SearchBarComponent.swift in Sources */ = {isa = PBXBuildFile; fileRef = 8AD5EDB61D9A7D50004B2CEA /* SearchBarComponent.swift */; };
		8AD5EDB91D9A7DEC004B2CEA /* DefaultComponentFactory.swift in Sources */ = {isa = PBXBuildFile; fileRef = 8AD5EDB81D9A7DEC004B2CEA /* DefaultComponentFactory.swift */; };
		8AD5EDBB1D9A7E5D004B2CEA /* DefaultComponentNames.swift in Sources */ = {isa = PBXBuildFile; fileRef = 8AD5EDBA1D9A7E5D004B2CEA /* DefaultComponentNames.swift */; };
		8AD5EDBD1D9A7EC3004B2CEA /* GitHubSearchContentOperationFactory.swift in Sources */ = {isa = PBXBuildFile; fileRef = 8AD5EDBC1D9A7EC3004B2CEA /* GitHubSearchContentOperationFactory.swift */; };
		8AD5EDBF1D9A7ED0004B2CEA /* GitHubSearchBarContentOperation.swift in Sources */ = {isa = PBXBuildFile; fileRef = 8AD5EDBE1D9A7ED0004B2CEA /* GitHubSearchBarContentOperation.swift */; };
		8AD5EDC21D9A90F7004B2CEA /* GitHubSearchResultsContentOperation.swift in Sources */ = {isa = PBXBuildFile; fileRef = 8AD5EDC11D9A90F7004B2CEA /* GitHubSearchResultsContentOperation.swift */; };
		8AD5EDC41D9A92EC004B2CEA /* GitHubSearchCustomDataKeys.swift in Sources */ = {isa = PBXBuildFile; fileRef = 8AD5EDC31D9A92EC004B2CEA /* GitHubSearchCustomDataKeys.swift */; };
		8AD5EDC61D9A9674004B2CEA /* HUBJSONSchemaRegistry+CustomSchemas.swift in Sources */ = {isa = PBXBuildFile; fileRef = 8AD5EDC51D9A9674004B2CEA /* HUBJSONSchemaRegistry+CustomSchemas.swift */; };
		8AD5EDC81D9A9C3C004B2CEA /* ActivityIndicatorComponent.swift in Sources */ = {isa = PBXBuildFile; fileRef = 8AD5EDC71D9A9C3C004B2CEA /* ActivityIndicatorComponent.swift */; };
		8AD5EDCA1D9A9DBC004B2CEA /* GitHubSearchActivityIndicatorContentOperation.swift in Sources */ = {isa = PBXBuildFile; fileRef = 8AD5EDC91D9A9DBC004B2CEA /* GitHubSearchActivityIndicatorContentOperation.swift */; };
		8AD5EDCE1D9AA294004B2CEA /* LabelComponent.swift in Sources */ = {isa = PBXBuildFile; fileRef = 8AD5EDCD1D9AA294004B2CEA /* LabelComponent.swift */; };
		8AD72F531D9ABDB100E4B427 /* PrettyPicturesContentOperation.swift in Sources */ = {isa = PBXBuildFile; fileRef = 8AD72F521D9ABDB100E4B427 /* PrettyPicturesContentOperation.swift */; };
		8AD72F551D9AC18100E4B427 /* PrettyPicturesContentOperationFactory.swift in Sources */ = {isa = PBXBuildFile; fileRef = 8AD72F541D9AC18100E4B427 /* PrettyPicturesContentOperationFactory.swift */; };
		8AD72F571D9AC22600E4B427 /* ImageComponent.swift in Sources */ = {isa = PBXBuildFile; fileRef = 8AD72F561D9AC22600E4B427 /* ImageComponent.swift */; };
		8AD732081D9AD63700E4B427 /* SystemConfiguration.framework in Frameworks */ = {isa = PBXBuildFile; fileRef = 8AD732071D9AD63700E4B427 /* SystemConfiguration.framework */; };
/* End PBXBuildFile section */

/* Begin PBXContainerItemProxy section */
		657DFE141DC8E1B600F20C0E /* PBXContainerItemProxy */ = {
			isa = PBXContainerItemProxy;
			containerPortal = 8A42E08A1D8C36A3004FAC33 /* Project object */;
			proxyType = 1;
			remoteGlobalIDString = 8A42E0911D8C36A3004FAC33;
			remoteInfo = HubFrameworkDemo;
		};
		8A42E0BA1D8C37B4004FAC33 /* PBXContainerItemProxy */ = {
			isa = PBXContainerItemProxy;
			containerPortal = 8A42E0B51D8C37B4004FAC33 /* HubFramework.xcodeproj */;
			proxyType = 2;
			remoteGlobalIDString = 8A07549E1C21A79200AFAD38;
			remoteInfo = HubFramework;
		};
		8A42E0BC1D8C37B4004FAC33 /* PBXContainerItemProxy */ = {
			isa = PBXContainerItemProxy;
			containerPortal = 8A42E0B51D8C37B4004FAC33 /* HubFramework.xcodeproj */;
			proxyType = 2;
			remoteGlobalIDString = 8ADD42991C21CF6500D1A801;
			remoteInfo = HubFrameworkTests;
		};
		DD874DC91D9B1D4400BEF720 /* PBXContainerItemProxy */ = {
			isa = PBXContainerItemProxy;
			containerPortal = 8A42E0B51D8C37B4004FAC33 /* HubFramework.xcodeproj */;
			proxyType = 1;
			remoteGlobalIDString = 8A07549D1C21A79200AFAD38;
			remoteInfo = HubFramework;
		};
/* End PBXContainerItemProxy section */

/* Begin PBXFileReference section */
		6510FD781DD1D182002FA2DC /* PrettyPicturesActionHandler.swift */ = {isa = PBXFileReference; fileEncoding = 4; lastKnownFileType = sourcecode.swift; path = PrettyPicturesActionHandler.swift; sourceTree = "<group>"; };
		657DFE0F1DC8E1B600F20C0E /* HubFrameworkDemoUITests.xctest */ = {isa = PBXFileReference; explicitFileType = wrapper.cfbundle; includeInIndex = 0; path = HubFrameworkDemoUITests.xctest; sourceTree = BUILT_PRODUCTS_DIR; };
		657DFE191DC8E21700F20C0E /* SelectionUITests.swift */ = {isa = PBXFileReference; fileEncoding = 4; lastKnownFileType = sourcecode.swift; name = SelectionUITests.swift; path = tests/SelectionUITests.swift; sourceTree = SOURCE_ROOT; };
		657DFE1A1DC8E21700F20C0E /* Info.plist */ = {isa = PBXFileReference; fileEncoding = 4; lastKnownFileType = text.plist.xml; name = Info.plist; path = tests/Info.plist; sourceTree = SOURCE_ROOT; };
		65A790351DDDA8FC00AD4078 /* NavigationItemUITests.swift */ = {isa = PBXFileReference; fileEncoding = 4; lastKnownFileType = sourcecode.swift; name = NavigationItemUITests.swift; path = tests/NavigationItemUITests.swift; sourceTree = SOURCE_ROOT; };
		8A2729991D9546BB00EF43FC /* RootContentOperationFactory.swift */ = {isa = PBXFileReference; fileEncoding = 4; lastKnownFileType = sourcecode.swift; path = RootContentOperationFactory.swift; sourceTree = "<group>"; };
		8A27299D1D9546ED00EF43FC /* RootContentOperation.swift */ = {isa = PBXFileReference; fileEncoding = 4; lastKnownFileType = sourcecode.swift; path = RootContentOperation.swift; sourceTree = "<group>"; };
		8A2729A11D95486A00EF43FC /* URL+ViewURIs.swift */ = {isa = PBXFileReference; fileEncoding = 4; lastKnownFileType = sourcecode.swift; path = "URL+ViewURIs.swift"; sourceTree = "<group>"; };
		8A374CFC1DBE659E0013E592 /* TodoListActionFactory.swift */ = {isa = PBXFileReference; fileEncoding = 4; lastKnownFileType = sourcecode.swift; path = TodoListActionFactory.swift; sourceTree = "<group>"; };
		8A374CFD1DBE659E0013E592 /* TodoListAddAction.swift */ = {isa = PBXFileReference; fileEncoding = 4; lastKnownFileType = sourcecode.swift; path = TodoListAddAction.swift; sourceTree = "<group>"; };
		8A374CFE1DBE659E0013E592 /* TodoListContentOperation.swift */ = {isa = PBXFileReference; fileEncoding = 4; lastKnownFileType = sourcecode.swift; path = TodoListContentOperation.swift; sourceTree = "<group>"; };
		8A42E0921D8C36A3004FAC33 /* HubFrameworkDemo.app */ = {isa = PBXFileReference; explicitFileType = wrapper.application; includeInIndex = 0; path = HubFrameworkDemo.app; sourceTree = BUILT_PRODUCTS_DIR; };
		8A42E0A91D8C376B004FAC33 /* AppDelegate.swift */ = {isa = PBXFileReference; fileEncoding = 4; lastKnownFileType = sourcecode.swift; path = AppDelegate.swift; sourceTree = "<group>"; };
		8A42E0AE1D8C3779004FAC33 /* Assets.xcassets */ = {isa = PBXFileReference; lastKnownFileType = folder.assetcatalog; path = Assets.xcassets; sourceTree = "<group>"; };
		8A42E0B01D8C3779004FAC33 /* Base */ = {isa = PBXFileReference; lastKnownFileType = file.storyboard; name = Base; path = Base.lproj/LaunchScreen.storyboard; sourceTree = "<group>"; };
		8A42E0B11D8C3779004FAC33 /* Info.plist */ = {isa = PBXFileReference; fileEncoding = 4; lastKnownFileType = text.plist.xml; path = Info.plist; sourceTree = "<group>"; };
		8A42E0B51D8C37B4004FAC33 /* HubFramework.xcodeproj */ = {isa = PBXFileReference; lastKnownFileType = "wrapper.pb-project"; name = HubFramework.xcodeproj; path = ../HubFramework.xcodeproj; sourceTree = "<group>"; };
		8A42E1F61D8C468C004FAC33 /* ComponentLayoutManager.swift */ = {isa = PBXFileReference; fileEncoding = 4; lastKnownFileType = sourcecode.swift; path = ComponentLayoutManager.swift; sourceTree = "<group>"; };
		8A42E1F81D8C476C004FAC33 /* ComponentFallbackHandler.swift */ = {isa = PBXFileReference; fileEncoding = 4; lastKnownFileType = sourcecode.swift; path = ComponentFallbackHandler.swift; sourceTree = "<group>"; };
		8A42E1FA1D8C4CEB004FAC33 /* RowComponent.swift */ = {isa = PBXFileReference; fileEncoding = 4; lastKnownFileType = sourcecode.swift; path = RowComponent.swift; sourceTree = "<group>"; };
		8AA98C441DD3778B006CA6AA /* PaginationUITests.swift */ = {isa = PBXFileReference; fileEncoding = 4; lastKnownFileType = sourcecode.swift; name = PaginationUITests.swift; path = tests/PaginationUITests.swift; sourceTree = SOURCE_ROOT; };
		8AB850951DBF9DE300AFAFD0 /* CarouselComponent.swift */ = {isa = PBXFileReference; fileEncoding = 4; lastKnownFileType = sourcecode.swift; path = CarouselComponent.swift; sourceTree = "<group>"; };
		8ABCCEA91D9D1AC3005113B5 /* ReallyLongListContentOperation.swift */ = {isa = PBXFileReference; fileEncoding = 4; lastKnownFileType = sourcecode.swift; path = ReallyLongListContentOperation.swift; sourceTree = "<group>"; };
		8ABCCEAB1D9D1AE4005113B5 /* ReallyLongListContentOperationFactory.swift */ = {isa = PBXFileReference; fileEncoding = 4; lastKnownFileType = sourcecode.swift; path = ReallyLongListContentOperationFactory.swift; sourceTree = "<group>"; };
		8AD14FEC1D9958A90008E182 /* UIImageView+Animation.swift */ = {isa = PBXFileReference; fileEncoding = 4; lastKnownFileType = sourcecode.swift; path = "UIImageView+Animation.swift"; sourceTree = "<group>"; };
		8AD5EDB61D9A7D50004B2CEA /* SearchBarComponent.swift */ = {isa = PBXFileReference; fileEncoding = 4; lastKnownFileType = sourcecode.swift; path = SearchBarComponent.swift; sourceTree = "<group>"; };
		8AD5EDB81D9A7DEC004B2CEA /* DefaultComponentFactory.swift */ = {isa = PBXFileReference; fileEncoding = 4; lastKnownFileType = sourcecode.swift; path = DefaultComponentFactory.swift; sourceTree = "<group>"; };
		8AD5EDBA1D9A7E5D004B2CEA /* DefaultComponentNames.swift */ = {isa = PBXFileReference; fileEncoding = 4; lastKnownFileType = sourcecode.swift; path = DefaultComponentNames.swift; sourceTree = "<group>"; };
		8AD5EDBC1D9A7EC3004B2CEA /* GitHubSearchContentOperationFactory.swift */ = {isa = PBXFileReference; fileEncoding = 4; lastKnownFileType = sourcecode.swift; path = GitHubSearchContentOperationFactory.swift; sourceTree = "<group>"; };
		8AD5EDBE1D9A7ED0004B2CEA /* GitHubSearchBarContentOperation.swift */ = {isa = PBXFileReference; fileEncoding = 4; lastKnownFileType = sourcecode.swift; path = GitHubSearchBarContentOperation.swift; sourceTree = "<group>"; };
		8AD5EDC11D9A90F7004B2CEA /* GitHubSearchResultsContentOperation.swift */ = {isa = PBXFileReference; fileEncoding = 4; lastKnownFileType = sourcecode.swift; path = GitHubSearchResultsContentOperation.swift; sourceTree = "<group>"; };
		8AD5EDC31D9A92EC004B2CEA /* GitHubSearchCustomDataKeys.swift */ = {isa = PBXFileReference; fileEncoding = 4; lastKnownFileType = sourcecode.swift; path = GitHubSearchCustomDataKeys.swift; sourceTree = "<group>"; };
		8AD5EDC51D9A9674004B2CEA /* HUBJSONSchemaRegistry+CustomSchemas.swift */ = {isa = PBXFileReference; fileEncoding = 4; lastKnownFileType = sourcecode.swift; path = "HUBJSONSchemaRegistry+CustomSchemas.swift"; sourceTree = "<group>"; };
		8AD5EDC71D9A9C3C004B2CEA /* ActivityIndicatorComponent.swift */ = {isa = PBXFileReference; fileEncoding = 4; lastKnownFileType = sourcecode.swift; path = ActivityIndicatorComponent.swift; sourceTree = "<group>"; };
		8AD5EDC91D9A9DBC004B2CEA /* GitHubSearchActivityIndicatorContentOperation.swift */ = {isa = PBXFileReference; fileEncoding = 4; lastKnownFileType = sourcecode.swift; path = GitHubSearchActivityIndicatorContentOperation.swift; sourceTree = "<group>"; };
		8AD5EDCD1D9AA294004B2CEA /* LabelComponent.swift */ = {isa = PBXFileReference; fileEncoding = 4; lastKnownFileType = sourcecode.swift; path = LabelComponent.swift; sourceTree = "<group>"; };
		8AD72F521D9ABDB100E4B427 /* PrettyPicturesContentOperation.swift */ = {isa = PBXFileReference; fileEncoding = 4; lastKnownFileType = sourcecode.swift; path = PrettyPicturesContentOperation.swift; sourceTree = "<group>"; };
		8AD72F541D9AC18100E4B427 /* PrettyPicturesContentOperationFactory.swift */ = {isa = PBXFileReference; fileEncoding = 4; lastKnownFileType = sourcecode.swift; path = PrettyPicturesContentOperationFactory.swift; sourceTree = "<group>"; };
		8AD72F561D9AC22600E4B427 /* ImageComponent.swift */ = {isa = PBXFileReference; fileEncoding = 4; lastKnownFileType = sourcecode.swift; path = ImageComponent.swift; sourceTree = "<group>"; };
		8AD732071D9AD63700E4B427 /* SystemConfiguration.framework */ = {isa = PBXFileReference; lastKnownFileType = wrapper.framework; name = SystemConfiguration.framework; path = System/Library/Frameworks/SystemConfiguration.framework; sourceTree = SDKROOT; };
/* End PBXFileReference section */

/* Begin PBXFrameworksBuildPhase section */
		657DFE0C1DC8E1B600F20C0E /* Frameworks */ = {
			isa = PBXFrameworksBuildPhase;
			buildActionMask = 2147483647;
			files = (
			);
			runOnlyForDeploymentPostprocessing = 0;
		};
		8A42E08F1D8C36A3004FAC33 /* Frameworks */ = {
			isa = PBXFrameworksBuildPhase;
			buildActionMask = 2147483647;
			files = (
				8AD732081D9AD63700E4B427 /* SystemConfiguration.framework in Frameworks */,
				8A42E1001D8C399D004FAC33 /* libHubFramework.a in Frameworks */,
			);
			runOnlyForDeploymentPostprocessing = 0;
		};
/* End PBXFrameworksBuildPhase section */

/* Begin PBXGroup section */
		657DFE101DC8E1B600F20C0E /* Tests */ = {
			isa = PBXGroup;
			children = (
				657DFE191DC8E21700F20C0E /* SelectionUITests.swift */,
				8AA98C441DD3778B006CA6AA /* PaginationUITests.swift */,
				65A790351DDDA8FC00AD4078 /* NavigationItemUITests.swift */,
				657DFE1A1DC8E21700F20C0E /* Info.plist */,
			);
			name = Tests;
			path = HubFrameworkDemoUITests;
			sourceTree = "<group>";
		};
		8A374CFA1DBE65920013E592 /* Todo list */ = {
			isa = PBXGroup;
			children = (
				8A374CFC1DBE659E0013E592 /* TodoListActionFactory.swift */,
				8A374CFD1DBE659E0013E592 /* TodoListAddAction.swift */,
				8A374CFE1DBE659E0013E592 /* TodoListContentOperation.swift */,
			);
			name = "Todo list";
			sourceTree = "<group>";
		};
		8A42E0891D8C36A3004FAC33 = {
			isa = PBXGroup;
			children = (
				8A42E0B51D8C37B4004FAC33 /* HubFramework.xcodeproj */,
				8A42E0A81D8C376B004FAC33 /* Sources */,
				8A42E0AD1D8C3779004FAC33 /* Resources */,
				657DFE101DC8E1B600F20C0E /* Tests */,
				8A42E0931D8C36A3004FAC33 /* Products */,
				8AD732061D9AD63700E4B427 /* Frameworks */,
			);
			sourceTree = "<group>";
		};
		8A42E0931D8C36A3004FAC33 /* Products */ = {
			isa = PBXGroup;
			children = (
				8A42E0921D8C36A3004FAC33 /* HubFrameworkDemo.app */,
				657DFE0F1DC8E1B600F20C0E /* HubFrameworkDemoUITests.xctest */,
			);
			name = Products;
			sourceTree = "<group>";
		};
		8A42E0A81D8C376B004FAC33 /* Sources */ = {
			isa = PBXGroup;
			children = (
				8A42E0A91D8C376B004FAC33 /* AppDelegate.swift */,
				8AD5EDA81D997913004B2CEA /* Hub Manager Setup */,
				8AD5EDAB1D997935004B2CEA /* Components */,
				8AD5EDAC1D997AF3004B2CEA /* Features */,
				8AD5EDAE1D997B03004B2CEA /* Utilities */,
			);
			name = Sources;
			path = sources;
			sourceTree = "<group>";
		};
		8A42E0AD1D8C3779004FAC33 /* Resources */ = {
			isa = PBXGroup;
			children = (
				8A42E0AE1D8C3779004FAC33 /* Assets.xcassets */,
				8A42E0AF1D8C3779004FAC33 /* LaunchScreen.storyboard */,
				8A42E0B11D8C3779004FAC33 /* Info.plist */,
			);
			name = Resources;
			path = resources;
			sourceTree = "<group>";
		};
		8A42E0B61D8C37B4004FAC33 /* Products */ = {
			isa = PBXGroup;
			children = (
				8A42E0BB1D8C37B4004FAC33 /* libHubFramework.a */,
				8A42E0BD1D8C37B4004FAC33 /* HubFrameworkTests.xctest */,
			);
			name = Products;
			sourceTree = "<group>";
		};
		8ABCCEA71D9D1AAB005113B5 /* Really long list */ = {
			isa = PBXGroup;
			children = (
				8ABCCEAB1D9D1AE4005113B5 /* ReallyLongListContentOperationFactory.swift */,
				8ABCCEA91D9D1AC3005113B5 /* ReallyLongListContentOperation.swift */,
			);
			name = "Really long list";
			sourceTree = "<group>";
		};
		8AD5EDA81D997913004B2CEA /* Hub Manager Setup */ = {
			isa = PBXGroup;
			children = (
				8A42E1F61D8C468C004FAC33 /* ComponentLayoutManager.swift */,
				8A42E1F81D8C476C004FAC33 /* ComponentFallbackHandler.swift */,
			);
			name = "Hub Manager Setup";
			sourceTree = "<group>";
		};
		8AD5EDAB1D997935004B2CEA /* Components */ = {
			isa = PBXGroup;
			children = (
				8AD5EDB81D9A7DEC004B2CEA /* DefaultComponentFactory.swift */,
				8AD5EDBA1D9A7E5D004B2CEA /* DefaultComponentNames.swift */,
				8A42E1FA1D8C4CEB004FAC33 /* RowComponent.swift */,
				8AD5EDCD1D9AA294004B2CEA /* LabelComponent.swift */,
				8AD72F561D9AC22600E4B427 /* ImageComponent.swift */,
				8AD5EDB61D9A7D50004B2CEA /* SearchBarComponent.swift */,
				8AD5EDC71D9A9C3C004B2CEA /* ActivityIndicatorComponent.swift */,
				8AB850951DBF9DE300AFAFD0 /* CarouselComponent.swift */,
			);
			name = Components;
			sourceTree = "<group>";
		};
		8AD5EDAC1D997AF3004B2CEA /* Features */ = {
			isa = PBXGroup;
			children = (
				8AD5EDAD1D997AF8004B2CEA /* Root */,
				8AD5EDB11D9A7CE4004B2CEA /* GitHub Search */,
				8AD72F4F1D9ABCDD00E4B427 /* Pretty pictures */,
				8ABCCEA71D9D1AAB005113B5 /* Really long list */,
				8A374CFA1DBE65920013E592 /* Todo list */,
			);
			name = Features;
			sourceTree = "<group>";
		};
		8AD5EDAD1D997AF8004B2CEA /* Root */ = {
			isa = PBXGroup;
			children = (
				8A2729991D9546BB00EF43FC /* RootContentOperationFactory.swift */,
				8A27299D1D9546ED00EF43FC /* RootContentOperation.swift */,
			);
			name = Root;
			sourceTree = "<group>";
		};
		8AD5EDAE1D997B03004B2CEA /* Utilities */ = {
			isa = PBXGroup;
			children = (
				8A2729A11D95486A00EF43FC /* URL+ViewURIs.swift */,
				8AD14FEC1D9958A90008E182 /* UIImageView+Animation.swift */,
				8AD5EDC51D9A9674004B2CEA /* HUBJSONSchemaRegistry+CustomSchemas.swift */,
			);
			name = Utilities;
			sourceTree = "<group>";
		};
		8AD5EDB11D9A7CE4004B2CEA /* GitHub Search */ = {
			isa = PBXGroup;
			children = (
				8AD5EDC31D9A92EC004B2CEA /* GitHubSearchCustomDataKeys.swift */,
				8AD5EDBC1D9A7EC3004B2CEA /* GitHubSearchContentOperationFactory.swift */,
				8AD5EDBE1D9A7ED0004B2CEA /* GitHubSearchBarContentOperation.swift */,
				8AD5EDC11D9A90F7004B2CEA /* GitHubSearchResultsContentOperation.swift */,
				8AD5EDC91D9A9DBC004B2CEA /* GitHubSearchActivityIndicatorContentOperation.swift */,
			);
			name = "GitHub Search";
			sourceTree = "<group>";
		};
		8AD72F4F1D9ABCDD00E4B427 /* Pretty pictures */ = {
			isa = PBXGroup;
			children = (
				6510FD781DD1D182002FA2DC /* PrettyPicturesActionHandler.swift */,
				8AD72F541D9AC18100E4B427 /* PrettyPicturesContentOperationFactory.swift */,
				8AD72F521D9ABDB100E4B427 /* PrettyPicturesContentOperation.swift */,
			);
			name = "Pretty pictures";
			sourceTree = "<group>";
		};
		8AD732061D9AD63700E4B427 /* Frameworks */ = {
			isa = PBXGroup;
			children = (
				8AD732071D9AD63700E4B427 /* SystemConfiguration.framework */,
			);
			name = Frameworks;
			sourceTree = "<group>";
		};
/* End PBXGroup section */

/* Begin PBXNativeTarget section */
		657DFE0E1DC8E1B600F20C0E /* HubFrameworkDemoUITests */ = {
			isa = PBXNativeTarget;
			buildConfigurationList = 657DFE161DC8E1B600F20C0E /* Build configuration list for PBXNativeTarget "HubFrameworkDemoUITests" */;
			buildPhases = (
				657DFE0B1DC8E1B600F20C0E /* Sources */,
				657DFE0C1DC8E1B600F20C0E /* Frameworks */,
				657DFE0D1DC8E1B600F20C0E /* Resources */,
			);
			buildRules = (
			);
			dependencies = (
				657DFE151DC8E1B600F20C0E /* PBXTargetDependency */,
			);
			name = HubFrameworkDemoUITests;
			productName = HubFrameworkDemoUITests;
			productReference = 657DFE0F1DC8E1B600F20C0E /* HubFrameworkDemoUITests.xctest */;
			productType = "com.apple.product-type.bundle.ui-testing";
		};
		8A42E0911D8C36A3004FAC33 /* HubFrameworkDemo */ = {
			isa = PBXNativeTarget;
			buildConfigurationList = 8A42E0A41D8C36A3004FAC33 /* Build configuration list for PBXNativeTarget "HubFrameworkDemo" */;
			buildPhases = (
				8A42E08E1D8C36A3004FAC33 /* Sources */,
				8A42E08F1D8C36A3004FAC33 /* Frameworks */,
				8A42E0901D8C36A3004FAC33 /* Resources */,
			);
			buildRules = (
			);
			dependencies = (
				DD874DCA1D9B1D4400BEF720 /* PBXTargetDependency */,
			);
			name = HubFrameworkDemo;
			productName = HubFrameworkDemo;
			productReference = 8A42E0921D8C36A3004FAC33 /* HubFrameworkDemo.app */;
			productType = "com.apple.product-type.application";
		};
/* End PBXNativeTarget section */

/* Begin PBXProject section */
		8A42E08A1D8C36A3004FAC33 /* Project object */ = {
			isa = PBXProject;
			attributes = {
				LastSwiftUpdateCheck = 0800;
				LastUpgradeCheck = 0800;
				ORGANIZATIONNAME = Spotify;
				TargetAttributes = {
					657DFE0E1DC8E1B600F20C0E = {
						CreatedOnToolsVersion = 8.0;
						LastSwiftMigration = 0800;
						ProvisioningStyle = Automatic;
						TestTargetID = 8A42E0911D8C36A3004FAC33;
					};
					8A42E0911D8C36A3004FAC33 = {
						CreatedOnToolsVersion = 8.0;
						ProvisioningStyle = Automatic;
					};
				};
			};
			buildConfigurationList = 8A42E08D1D8C36A3004FAC33 /* Build configuration list for PBXProject "HubFrameworkDemo" */;
			compatibilityVersion = "Xcode 3.2";
			developmentRegion = English;
			hasScannedForEncodings = 0;
			knownRegions = (
				en,
				Base,
			);
			mainGroup = 8A42E0891D8C36A3004FAC33;
			productRefGroup = 8A42E0931D8C36A3004FAC33 /* Products */;
			projectDirPath = "";
			projectReferences = (
				{
					ProductGroup = 8A42E0B61D8C37B4004FAC33 /* Products */;
					ProjectRef = 8A42E0B51D8C37B4004FAC33 /* HubFramework.xcodeproj */;
				},
			);
			projectRoot = "";
			targets = (
				8A42E0911D8C36A3004FAC33 /* HubFrameworkDemo */,
				657DFE0E1DC8E1B600F20C0E /* HubFrameworkDemoUITests */,
			);
		};
/* End PBXProject section */

/* Begin PBXReferenceProxy section */
		8A42E0BB1D8C37B4004FAC33 /* libHubFramework.a */ = {
			isa = PBXReferenceProxy;
			fileType = archive.ar;
			path = libHubFramework.a;
			remoteRef = 8A42E0BA1D8C37B4004FAC33 /* PBXContainerItemProxy */;
			sourceTree = BUILT_PRODUCTS_DIR;
		};
		8A42E0BD1D8C37B4004FAC33 /* HubFrameworkTests.xctest */ = {
			isa = PBXReferenceProxy;
			fileType = wrapper.cfbundle;
			path = HubFrameworkTests.xctest;
			remoteRef = 8A42E0BC1D8C37B4004FAC33 /* PBXContainerItemProxy */;
			sourceTree = BUILT_PRODUCTS_DIR;
		};
/* End PBXReferenceProxy section */

/* Begin PBXResourcesBuildPhase section */
		657DFE0D1DC8E1B600F20C0E /* Resources */ = {
			isa = PBXResourcesBuildPhase;
			buildActionMask = 2147483647;
			files = (
				657DFE1C1DC8E21700F20C0E /* Info.plist in Resources */,
			);
			runOnlyForDeploymentPostprocessing = 0;
		};
		8A42E0901D8C36A3004FAC33 /* Resources */ = {
			isa = PBXResourcesBuildPhase;
			buildActionMask = 2147483647;
			files = (
				8A42E0B21D8C3779004FAC33 /* Assets.xcassets in Resources */,
				8A42E0B31D8C3779004FAC33 /* LaunchScreen.storyboard in Resources */,
			);
			runOnlyForDeploymentPostprocessing = 0;
		};
/* End PBXResourcesBuildPhase section */

/* Begin PBXSourcesBuildPhase section */
		657DFE0B1DC8E1B600F20C0E /* Sources */ = {
			isa = PBXSourcesBuildPhase;
			buildActionMask = 2147483647;
			files = (
				657DFE1B1DC8E21700F20C0E /* SelectionUITests.swift in Sources */,
				65A790361DDDA8FC00AD4078 /* NavigationItemUITests.swift in Sources */,
				8AA98C451DD3778B006CA6AA /* PaginationUITests.swift in Sources */,
			);
			runOnlyForDeploymentPostprocessing = 0;
		};
		8A42E08E1D8C36A3004FAC33 /* Sources */ = {
			isa = PBXSourcesBuildPhase;
			buildActionMask = 2147483647;
			files = (
				8A27299A1D9546BB00EF43FC /* RootContentOperationFactory.swift in Sources */,
				8AD5EDB71D9A7D50004B2CEA /* SearchBarComponent.swift in Sources */,
				8AD5EDBF1D9A7ED0004B2CEA /* GitHubSearchBarContentOperation.swift in Sources */,
				8AD5EDBB1D9A7E5D004B2CEA /* DefaultComponentNames.swift in Sources */,
				8AD72F571D9AC22600E4B427 /* ImageComponent.swift in Sources */,
				8A2729A21D95486A00EF43FC /* URL+ViewURIs.swift in Sources */,
				8A42E1F91D8C476C004FAC33 /* ComponentFallbackHandler.swift in Sources */,
				8AB850961DBF9DE300AFAFD0 /* CarouselComponent.swift in Sources */,
				8A374D001DBE659E0013E592 /* TodoListAddAction.swift in Sources */,
				8ABCCEAC1D9D1AE4005113B5 /* ReallyLongListContentOperationFactory.swift in Sources */,
				8AD5EDCE1D9AA294004B2CEA /* LabelComponent.swift in Sources */,
				8AD5EDCA1D9A9DBC004B2CEA /* GitHubSearchActivityIndicatorContentOperation.swift in Sources */,
				8A42E1FB1D8C4CEB004FAC33 /* RowComponent.swift in Sources */,
				8AD5EDBD1D9A7EC3004B2CEA /* GitHubSearchContentOperationFactory.swift in Sources */,
				8A42E0AB1D8C376B004FAC33 /* AppDelegate.swift in Sources */,
				8AD5EDC41D9A92EC004B2CEA /* GitHubSearchCustomDataKeys.swift in Sources */,
				6510FD791DD1D182002FA2DC /* PrettyPicturesActionHandler.swift in Sources */,
				8A27299E1D9546ED00EF43FC /* RootContentOperation.swift in Sources */,
				8A374CFF1DBE659E0013E592 /* TodoListActionFactory.swift in Sources */,
				8ABCCEAA1D9D1AC3005113B5 /* ReallyLongListContentOperation.swift in Sources */,
				8AD5EDB91D9A7DEC004B2CEA /* DefaultComponentFactory.swift in Sources */,
				8AD5EDC61D9A9674004B2CEA /* HUBJSONSchemaRegistry+CustomSchemas.swift in Sources */,
				8AD5EDC81D9A9C3C004B2CEA /* ActivityIndicatorComponent.swift in Sources */,
				8AD72F551D9AC18100E4B427 /* PrettyPicturesContentOperationFactory.swift in Sources */,
				8AD5EDC21D9A90F7004B2CEA /* GitHubSearchResultsContentOperation.swift in Sources */,
				8A374D011DBE659E0013E592 /* TodoListContentOperation.swift in Sources */,
				8AD14FED1D9958A90008E182 /* UIImageView+Animation.swift in Sources */,
				8A42E1F71D8C468C004FAC33 /* ComponentLayoutManager.swift in Sources */,
				8AD72F531D9ABDB100E4B427 /* PrettyPicturesContentOperation.swift in Sources */,
			);
			runOnlyForDeploymentPostprocessing = 0;
		};
/* End PBXSourcesBuildPhase section */

/* Begin PBXTargetDependency section */
		657DFE151DC8E1B600F20C0E /* PBXTargetDependency */ = {
			isa = PBXTargetDependency;
			target = 8A42E0911D8C36A3004FAC33 /* HubFrameworkDemo */;
			targetProxy = 657DFE141DC8E1B600F20C0E /* PBXContainerItemProxy */;
		};
		DD874DCA1D9B1D4400BEF720 /* PBXTargetDependency */ = {
			isa = PBXTargetDependency;
			name = HubFramework;
			targetProxy = DD874DC91D9B1D4400BEF720 /* PBXContainerItemProxy */;
		};
/* End PBXTargetDependency section */

/* Begin PBXVariantGroup section */
		8A42E0AF1D8C3779004FAC33 /* LaunchScreen.storyboard */ = {
			isa = PBXVariantGroup;
			children = (
				8A42E0B01D8C3779004FAC33 /* Base */,
			);
			name = LaunchScreen.storyboard;
			sourceTree = "<group>";
		};
/* End PBXVariantGroup section */

/* Begin XCBuildConfiguration section */
		657DFE171DC8E1B600F20C0E /* Debug */ = {
			isa = XCBuildConfiguration;
			buildSettings = {
				CLANG_ENABLE_MODULES = YES;
				INFOPLIST_FILE = tests/Info.plist;
				LD_RUNPATH_SEARCH_PATHS = "$(inherited) @executable_path/Frameworks @loader_path/Frameworks";
				PRODUCT_BUNDLE_IDENTIFIER = com.spotify.HubFrameworkDemoUITests;
				PRODUCT_NAME = "$(TARGET_NAME)";
				SWIFT_OPTIMIZATION_LEVEL = "-Onone";
				SWIFT_VERSION = 3.0;
				TEST_TARGET_NAME = HubFrameworkDemo;
			};
			name = Debug;
		};
		657DFE181DC8E1B600F20C0E /* Release */ = {
			isa = XCBuildConfiguration;
			buildSettings = {
				CLANG_ENABLE_MODULES = YES;
				INFOPLIST_FILE = tests/Info.plist;
				LD_RUNPATH_SEARCH_PATHS = "$(inherited) @executable_path/Frameworks @loader_path/Frameworks";
				PRODUCT_BUNDLE_IDENTIFIER = com.spotify.HubFrameworkDemoUITests;
				PRODUCT_NAME = "$(TARGET_NAME)";
				SWIFT_VERSION = 3.0;
				TEST_TARGET_NAME = HubFrameworkDemo;
			};
			name = Release;
		};
		8A42E0A21D8C36A3004FAC33 /* Debug */ = {
			isa = XCBuildConfiguration;
			buildSettings = {
				ALWAYS_SEARCH_USER_PATHS = NO;
				CLANG_ANALYZER_NONNULL = YES;
				CLANG_CXX_LANGUAGE_STANDARD = "gnu++0x";
				CLANG_CXX_LIBRARY = "libc++";
				CLANG_ENABLE_MODULES = YES;
				CLANG_ENABLE_OBJC_ARC = YES;
				CLANG_WARN_BOOL_CONVERSION = YES;
				CLANG_WARN_CONSTANT_CONVERSION = YES;
				CLANG_WARN_DIRECT_OBJC_ISA_USAGE = YES_ERROR;
				CLANG_WARN_DOCUMENTATION_COMMENTS = YES;
				CLANG_WARN_EMPTY_BODY = YES;
				CLANG_WARN_ENUM_CONVERSION = YES;
				CLANG_WARN_INFINITE_RECURSION = YES;
				CLANG_WARN_INT_CONVERSION = YES;
				CLANG_WARN_OBJC_ROOT_CLASS = YES_ERROR;
				CLANG_WARN_SUSPICIOUS_MOVES = YES;
				CLANG_WARN_UNREACHABLE_CODE = YES;
				CLANG_WARN__DUPLICATE_METHOD_MATCH = YES;
				"CODE_SIGN_IDENTITY[sdk=iphoneos*]" = "iPhone Developer";
				COPY_PHASE_STRIP = NO;
				DEBUG_INFORMATION_FORMAT = dwarf;
				ENABLE_STRICT_OBJC_MSGSEND = YES;
				ENABLE_TESTABILITY = YES;
				GCC_C_LANGUAGE_STANDARD = gnu99;
				GCC_DYNAMIC_NO_PIC = NO;
				GCC_NO_COMMON_BLOCKS = YES;
				GCC_OPTIMIZATION_LEVEL = 0;
				GCC_PREPROCESSOR_DEFINITIONS = (
					"DEBUG=1",
					"$(inherited)",
				);
				GCC_WARN_64_TO_32_BIT_CONVERSION = YES;
				GCC_WARN_ABOUT_RETURN_TYPE = YES_ERROR;
				GCC_WARN_UNDECLARED_SELECTOR = YES;
				GCC_WARN_UNINITIALIZED_AUTOS = YES_AGGRESSIVE;
				GCC_WARN_UNUSED_FUNCTION = YES;
				GCC_WARN_UNUSED_VARIABLE = YES;
				IPHONEOS_DEPLOYMENT_TARGET = 10.0;
				MTL_ENABLE_DEBUG_INFO = YES;
				ONLY_ACTIVE_ARCH = YES;
				SDKROOT = iphoneos;
				SWIFT_ACTIVE_COMPILATION_CONDITIONS = DEBUG;
				SWIFT_OPTIMIZATION_LEVEL = "-Onone";
				TARGETED_DEVICE_FAMILY = "1,2";
			};
			name = Debug;
		};
		8A42E0A31D8C36A3004FAC33 /* Release */ = {
			isa = XCBuildConfiguration;
			buildSettings = {
				ALWAYS_SEARCH_USER_PATHS = NO;
				CLANG_ANALYZER_NONNULL = YES;
				CLANG_CXX_LANGUAGE_STANDARD = "gnu++0x";
				CLANG_CXX_LIBRARY = "libc++";
				CLANG_ENABLE_MODULES = YES;
				CLANG_ENABLE_OBJC_ARC = YES;
				CLANG_WARN_BOOL_CONVERSION = YES;
				CLANG_WARN_CONSTANT_CONVERSION = YES;
				CLANG_WARN_DIRECT_OBJC_ISA_USAGE = YES_ERROR;
				CLANG_WARN_DOCUMENTATION_COMMENTS = YES;
				CLANG_WARN_EMPTY_BODY = YES;
				CLANG_WARN_ENUM_CONVERSION = YES;
				CLANG_WARN_INFINITE_RECURSION = YES;
				CLANG_WARN_INT_CONVERSION = YES;
				CLANG_WARN_OBJC_ROOT_CLASS = YES_ERROR;
				CLANG_WARN_SUSPICIOUS_MOVES = YES;
				CLANG_WARN_UNREACHABLE_CODE = YES;
				CLANG_WARN__DUPLICATE_METHOD_MATCH = YES;
				"CODE_SIGN_IDENTITY[sdk=iphoneos*]" = "iPhone Developer";
				COPY_PHASE_STRIP = NO;
				DEBUG_INFORMATION_FORMAT = "dwarf-with-dsym";
				ENABLE_NS_ASSERTIONS = NO;
				ENABLE_STRICT_OBJC_MSGSEND = YES;
				GCC_C_LANGUAGE_STANDARD = gnu99;
				GCC_NO_COMMON_BLOCKS = YES;
				GCC_WARN_64_TO_32_BIT_CONVERSION = YES;
				GCC_WARN_ABOUT_RETURN_TYPE = YES_ERROR;
				GCC_WARN_UNDECLARED_SELECTOR = YES;
				GCC_WARN_UNINITIALIZED_AUTOS = YES_AGGRESSIVE;
				GCC_WARN_UNUSED_FUNCTION = YES;
				GCC_WARN_UNUSED_VARIABLE = YES;
				IPHONEOS_DEPLOYMENT_TARGET = 10.0;
				MTL_ENABLE_DEBUG_INFO = NO;
				SDKROOT = iphoneos;
				SWIFT_OPTIMIZATION_LEVEL = "-Owholemodule";
				TARGETED_DEVICE_FAMILY = "1,2";
				VALIDATE_PRODUCT = YES;
			};
			name = Release;
		};
		8A42E0A51D8C36A3004FAC33 /* Debug */ = {
			isa = XCBuildConfiguration;
			buildSettings = {
				ASSETCATALOG_COMPILER_APPICON_NAME = AppIcon;
				INFOPLIST_FILE = "$(SRCROOT)/resources/Info.plist";
				LD_RUNPATH_SEARCH_PATHS = "$(inherited) @executable_path/Frameworks";
				LIBRARY_SEARCH_PATHS = "";
				PRODUCT_BUNDLE_IDENTIFIER = com.spotify.HubFrameworkDemo;
				PRODUCT_NAME = "$(TARGET_NAME)";
				SWIFT_INCLUDE_PATHS = ../;
				SWIFT_OBJC_BRIDGING_HEADER = "";
				SWIFT_VERSION = 3.0;
			};
			name = Debug;
		};
		8A42E0A61D8C36A3004FAC33 /* Release */ = {
			isa = XCBuildConfiguration;
			buildSettings = {
				ASSETCATALOG_COMPILER_APPICON_NAME = AppIcon;
				INFOPLIST_FILE = "$(SRCROOT)/resources/Info.plist";
				LD_RUNPATH_SEARCH_PATHS = "$(inherited) @executable_path/Frameworks";
				LIBRARY_SEARCH_PATHS = "";
				PRODUCT_BUNDLE_IDENTIFIER = com.spotify.HubFrameworkDemo;
				PRODUCT_NAME = "$(TARGET_NAME)";
				SWIFT_INCLUDE_PATHS = ../;
				SWIFT_OBJC_BRIDGING_HEADER = "";
				SWIFT_VERSION = 3.0;
			};
			name = Release;
		};
/* End XCBuildConfiguration section */

/* Begin XCConfigurationList section */
		657DFE161DC8E1B600F20C0E /* Build configuration list for PBXNativeTarget "HubFrameworkDemoUITests" */ = {
			isa = XCConfigurationList;
			buildConfigurations = (
				657DFE171DC8E1B600F20C0E /* Debug */,
				657DFE181DC8E1B600F20C0E /* Release */,
			);
			defaultConfigurationIsVisible = 0;
			defaultConfigurationName = Release;
		};
		8A42E08D1D8C36A3004FAC33 /* Build configuration list for PBXProject "HubFrameworkDemo" */ = {
			isa = XCConfigurationList;
			buildConfigurations = (
				8A42E0A21D8C36A3004FAC33 /* Debug */,
				8A42E0A31D8C36A3004FAC33 /* Release */,
			);
			defaultConfigurationIsVisible = 0;
			defaultConfigurationName = Release;
		};
		8A42E0A41D8C36A3004FAC33 /* Build configuration list for PBXNativeTarget "HubFrameworkDemo" */ = {
			isa = XCConfigurationList;
			buildConfigurations = (
				8A42E0A51D8C36A3004FAC33 /* Debug */,
				8A42E0A61D8C36A3004FAC33 /* Release */,
			);
			defaultConfigurationIsVisible = 0;
			defaultConfigurationName = Release;
		};
/* End XCConfigurationList section */
	};
	rootObject = 8A42E08A1D8C36A3004FAC33 /* Project object */;
}
