// !$*UTF8*$!
{
	archiveVersion = 1;
	classes = {
	};
	objectVersion = 46;
	objects = {

/* Begin PBXBuildFile section */
		8A8808A01C21AD0900ADB737 /* HUBComponentRegistryImplementation.m in Sources */ = {isa = PBXBuildFile; fileRef = 8A88089F1C21AD0900ADB737 /* HUBComponentRegistryImplementation.m */; };
		8AA29C851C4FAA9200E972B7 /* HUBComponentModelImplementation.m in Sources */ = {isa = PBXBuildFile; fileRef = 8AA29C841C4FAA9200E972B7 /* HUBComponentModelImplementation.m */; };
		8AA29C881C4FAB6200E972B7 /* HUBComponentImageDataImplementation.m in Sources */ = {isa = PBXBuildFile; fileRef = 8AA29C871C4FAB6200E972B7 /* HUBComponentImageDataImplementation.m */; };
		8AA29C8C1C4FAD6700E972B7 /* HUBComponentModelBuilderImplementation.m in Sources */ = {isa = PBXBuildFile; fileRef = 8AA29C8B1C4FAD6700E972B7 /* HUBComponentModelBuilderImplementation.m */; };
		8AA29C8F1C4FAFC100E972B7 /* HUBComponentImageDataBuilderImplementation.m in Sources */ = {isa = PBXBuildFile; fileRef = 8AA29C8E1C4FAFC100E972B7 /* HUBComponentImageDataBuilderImplementation.m */; };
		8AA29CF81C4FE59100E972B7 /* HUBComponentModelBuilderTests.m in Sources */ = {isa = PBXBuildFile; fileRef = 8AA29CF71C4FE59100E972B7 /* HUBComponentModelBuilderTests.m */; };
		8ADD42921C21C81100D1A801 /* HUBManager.m in Sources */ = {isa = PBXBuildFile; fileRef = 8ADD42911C21C81100D1A801 /* HUBManager.m */; };
		8ADD429E1C21CF6500D1A801 /* libHubFramework.a in Frameworks */ = {isa = PBXBuildFile; fileRef = 8A07549E1C21A79200AFAD38 /* libHubFramework.a */; };
		8ADD42A71C21CFE800D1A801 /* HUBComponentRegistryTests.m in Sources */ = {isa = PBXBuildFile; fileRef = 8ADD42A51C21CFE800D1A801 /* HUBComponentRegistryTests.m */; };
		8ADD42AA1C21D08100D1A801 /* HUBManagerTests.m in Sources */ = {isa = PBXBuildFile; fileRef = 8ADD42A91C21D08100D1A801 /* HUBManagerTests.m */; };
		8ADD42B11C21D8D700D1A801 /* HUBComponentFallbackHandlerMock.m in Sources */ = {isa = PBXBuildFile; fileRef = 8ADD42B01C21D8D700D1A801 /* HUBComponentFallbackHandlerMock.m */; };
		8ADD43791C21DBE300D1A801 /* HUBComponentMock.m in Sources */ = {isa = PBXBuildFile; fileRef = 8ADD43781C21DBE300D1A801 /* HUBComponentMock.m */; };
		8AF9FA071C5254F5003F3D6C /* HUBViewModelImplementation.m in Sources */ = {isa = PBXBuildFile; fileRef = 8AF9FA061C5254F5003F3D6C /* HUBViewModelImplementation.m */; };
/* End PBXBuildFile section */

/* Begin PBXContainerItemProxy section */
		8ADD429F1C21CF6500D1A801 /* PBXContainerItemProxy */ = {
			isa = PBXContainerItemProxy;
			containerPortal = 8A0754961C21A79200AFAD38 /* Project object */;
			proxyType = 1;
			remoteGlobalIDString = 8A07549D1C21A79200AFAD38;
			remoteInfo = HubFramework;
		};
/* End PBXContainerItemProxy section */

/* Begin PBXCopyFilesBuildPhase section */
		8A07549C1C21A79200AFAD38 /* CopyFiles */ = {
			isa = PBXCopyFilesBuildPhase;
			buildActionMask = 2147483647;
			dstPath = "include/$(PRODUCT_NAME)";
			dstSubfolderSpec = 16;
			files = (
			);
			runOnlyForDeploymentPostprocessing = 0;
		};
/* End PBXCopyFilesBuildPhase section */

/* Begin PBXFileReference section */
		8A07549E1C21A79200AFAD38 /* libHubFramework.a */ = {isa = PBXFileReference; explicitFileType = archive.ar; includeInIndex = 0; path = libHubFramework.a; sourceTree = BUILT_PRODUCTS_DIR; };
		8A0754AC1C21A7C700AFAD38 /* HUBComponent.h */ = {isa = PBXFileReference; lastKnownFileType = sourcecode.c.h; path = HUBComponent.h; sourceTree = "<group>"; };
		8A786B981C58E3FB00B2AB9E /* HUBRemoteContentProvider.h */ = {isa = PBXFileReference; lastKnownFileType = sourcecode.c.h; path = HUBRemoteContentProvider.h; sourceTree = "<group>"; };
		8A786B991C58E4A300B2AB9E /* HUBContentProviderFactory.h */ = {isa = PBXFileReference; lastKnownFileType = sourcecode.c.h; path = HUBContentProviderFactory.h; sourceTree = "<group>"; };
		8A786B9A1C58E4AD00B2AB9E /* HUBLocalContentProvider.h */ = {isa = PBXFileReference; lastKnownFileType = sourcecode.c.h; path = HUBLocalContentProvider.h; sourceTree = "<group>"; };
		8A88089C1C21ACA600ADB737 /* spotify_shared.xcconfig */ = {isa = PBXFileReference; lastKnownFileType = text.xcconfig; name = spotify_shared.xcconfig; path = ../../other/spotify_shared.xcconfig; sourceTree = "<group>"; };
		8A88089E1C21AD0900ADB737 /* HUBComponentRegistryImplementation.h */ = {isa = PBXFileReference; fileEncoding = 4; lastKnownFileType = sourcecode.c.h; path = HUBComponentRegistryImplementation.h; sourceTree = "<group>"; };
		8A88089F1C21AD0900ADB737 /* HUBComponentRegistryImplementation.m */ = {isa = PBXFileReference; fileEncoding = 4; lastKnownFileType = sourcecode.c.objc; path = HUBComponentRegistryImplementation.m; sourceTree = "<group>"; };
		8A880ACE1C21AE7A00ADB737 /* module.modulemap */ = {isa = PBXFileReference; fileEncoding = 4; lastKnownFileType = "sourcecode.module-map"; path = module.modulemap; sourceTree = "<group>"; };
		8A880ACF1C21AE9000ADB737 /* HubFramework.h */ = {isa = PBXFileReference; lastKnownFileType = sourcecode.c.h; path = HubFramework.h; sourceTree = "<group>"; };
		8AA29C7F1C4FA5FE00E972B7 /* HUBComponentImageData.h */ = {isa = PBXFileReference; lastKnownFileType = sourcecode.c.h; path = HUBComponentImageData.h; sourceTree = "<group>"; };
		8AA29C801C4FA7B600E972B7 /* HUBComponentModelBuilder.h */ = {isa = PBXFileReference; lastKnownFileType = sourcecode.c.h; path = HUBComponentModelBuilder.h; sourceTree = "<group>"; };
		8AA29C811C4FA8C400E972B7 /* HUBComponentImageDataBuilder.h */ = {isa = PBXFileReference; lastKnownFileType = sourcecode.c.h; path = HUBComponentImageDataBuilder.h; sourceTree = "<group>"; };
		8AA29C831C4FAA9200E972B7 /* HUBComponentModelImplementation.h */ = {isa = PBXFileReference; fileEncoding = 4; lastKnownFileType = sourcecode.c.h; path = HUBComponentModelImplementation.h; sourceTree = "<group>"; };
		8AA29C841C4FAA9200E972B7 /* HUBComponentModelImplementation.m */ = {isa = PBXFileReference; fileEncoding = 4; lastKnownFileType = sourcecode.c.objc; path = HUBComponentModelImplementation.m; sourceTree = "<group>"; };
		8AA29C861C4FAB6200E972B7 /* HUBComponentImageDataImplementation.h */ = {isa = PBXFileReference; fileEncoding = 4; lastKnownFileType = sourcecode.c.h; path = HUBComponentImageDataImplementation.h; sourceTree = "<group>"; };
		8AA29C871C4FAB6200E972B7 /* HUBComponentImageDataImplementation.m */ = {isa = PBXFileReference; fileEncoding = 4; lastKnownFileType = sourcecode.c.objc; path = HUBComponentImageDataImplementation.m; sourceTree = "<group>"; };
		8AA29C8A1C4FAD6700E972B7 /* HUBComponentModelBuilderImplementation.h */ = {isa = PBXFileReference; fileEncoding = 4; lastKnownFileType = sourcecode.c.h; path = HUBComponentModelBuilderImplementation.h; sourceTree = "<group>"; };
		8AA29C8B1C4FAD6700E972B7 /* HUBComponentModelBuilderImplementation.m */ = {isa = PBXFileReference; fileEncoding = 4; lastKnownFileType = sourcecode.c.objc; path = HUBComponentModelBuilderImplementation.m; sourceTree = "<group>"; };
		8AA29C8D1C4FAFC100E972B7 /* HUBComponentImageDataBuilderImplementation.h */ = {isa = PBXFileReference; fileEncoding = 4; lastKnownFileType = sourcecode.c.h; path = HUBComponentImageDataBuilderImplementation.h; sourceTree = "<group>"; };
		8AA29C8E1C4FAFC100E972B7 /* HUBComponentImageDataBuilderImplementation.m */ = {isa = PBXFileReference; fileEncoding = 4; lastKnownFileType = sourcecode.c.objc; path = HUBComponentImageDataBuilderImplementation.m; sourceTree = "<group>"; };
		8AA29CF71C4FE59100E972B7 /* HUBComponentModelBuilderTests.m */ = {isa = PBXFileReference; fileEncoding = 4; lastKnownFileType = sourcecode.c.objc; path = HUBComponentModelBuilderTests.m; sourceTree = "<group>"; };
		8ADD42901C21C7BC00D1A801 /* HUBManager.h */ = {isa = PBXFileReference; lastKnownFileType = sourcecode.c.h; path = HUBManager.h; sourceTree = "<group>"; };
		8ADD42911C21C81100D1A801 /* HUBManager.m */ = {isa = PBXFileReference; fileEncoding = 4; lastKnownFileType = sourcecode.c.objc; path = HUBManager.m; sourceTree = "<group>"; };
		8ADD42931C21C94800D1A801 /* HUBComponentRegistry.h */ = {isa = PBXFileReference; lastKnownFileType = sourcecode.c.h; path = HUBComponentRegistry.h; sourceTree = "<group>"; };
		8ADD42991C21CF6500D1A801 /* HubFrameworkTests.xctest */ = {isa = PBXFileReference; explicitFileType = wrapper.cfbundle; includeInIndex = 0; path = HubFrameworkTests.xctest; sourceTree = BUILT_PRODUCTS_DIR; };
		8ADD42A51C21CFE800D1A801 /* HUBComponentRegistryTests.m */ = {isa = PBXFileReference; fileEncoding = 4; lastKnownFileType = sourcecode.c.objc; path = HUBComponentRegistryTests.m; sourceTree = "<group>"; };
		8ADD42A61C21CFE800D1A801 /* Info.plist */ = {isa = PBXFileReference; fileEncoding = 4; lastKnownFileType = text.plist.xml; path = Info.plist; sourceTree = "<group>"; };
		8ADD42A91C21D08100D1A801 /* HUBManagerTests.m */ = {isa = PBXFileReference; fileEncoding = 4; lastKnownFileType = sourcecode.c.objc; path = HUBManagerTests.m; sourceTree = "<group>"; };
		8ADD42AB1C21D13400D1A801 /* HUBComponentFallbackHandler.h */ = {isa = PBXFileReference; lastKnownFileType = sourcecode.c.h; path = HUBComponentFallbackHandler.h; sourceTree = "<group>"; };
		8ADD42AD1C21D65600D1A801 /* HUBComponentModel.h */ = {isa = PBXFileReference; lastKnownFileType = sourcecode.c.h; path = HUBComponentModel.h; sourceTree = "<group>"; };
		8ADD42AF1C21D8D700D1A801 /* HUBComponentFallbackHandlerMock.h */ = {isa = PBXFileReference; fileEncoding = 4; lastKnownFileType = sourcecode.c.h; path = HUBComponentFallbackHandlerMock.h; sourceTree = "<group>"; };
		8ADD42B01C21D8D700D1A801 /* HUBComponentFallbackHandlerMock.m */ = {isa = PBXFileReference; fileEncoding = 4; lastKnownFileType = sourcecode.c.objc; path = HUBComponentFallbackHandlerMock.m; sourceTree = "<group>"; };
		8ADD43771C21DBE300D1A801 /* HUBComponentMock.h */ = {isa = PBXFileReference; fileEncoding = 4; lastKnownFileType = sourcecode.c.h; path = HUBComponentMock.h; sourceTree = "<group>"; };
		8ADD43781C21DBE300D1A801 /* HUBComponentMock.m */ = {isa = PBXFileReference; fileEncoding = 4; lastKnownFileType = sourcecode.c.objc; path = HUBComponentMock.m; sourceTree = "<group>"; };
		8AF9FA031C5254D5003F3D6C /* HUBViewModel.h */ = {isa = PBXFileReference; lastKnownFileType = sourcecode.c.h; path = HUBViewModel.h; sourceTree = "<group>"; };
		8AF9FA051C5254F5003F3D6C /* HUBViewModelImplementation.h */ = {isa = PBXFileReference; fileEncoding = 4; lastKnownFileType = sourcecode.c.h; path = HUBViewModelImplementation.h; sourceTree = "<group>"; };
		8AF9FA061C5254F5003F3D6C /* HUBViewModelImplementation.m */ = {isa = PBXFileReference; fileEncoding = 4; lastKnownFileType = sourcecode.c.objc; path = HUBViewModelImplementation.m; sourceTree = "<group>"; };
/* End PBXFileReference section */

/* Begin PBXFrameworksBuildPhase section */
		8A07549B1C21A79200AFAD38 /* Frameworks */ = {
			isa = PBXFrameworksBuildPhase;
			buildActionMask = 2147483647;
			files = (
			);
			runOnlyForDeploymentPostprocessing = 0;
		};
		8ADD42961C21CF6500D1A801 /* Frameworks */ = {
			isa = PBXFrameworksBuildPhase;
			buildActionMask = 2147483647;
			files = (
				8ADD429E1C21CF6500D1A801 /* libHubFramework.a in Frameworks */,
			);
			runOnlyForDeploymentPostprocessing = 0;
		};
/* End PBXFrameworksBuildPhase section */

/* Begin PBXGroup section */
		8A0754951C21A79200AFAD38 = {
			isa = PBXGroup;
			children = (
				8A0754AA1C21A7B600AFAD38 /* include */,
				8A0754AB1C21A7B600AFAD38 /* sources */,
				8ADD42A41C21CFE800D1A801 /* tests */,
				8A07549F1C21A79200AFAD38 /* Products */,
				8A88089B1C21AC8C00ADB737 /* Build System */,
			);
			sourceTree = "<group>";
		};
		8A07549F1C21A79200AFAD38 /* Products */ = {
			isa = PBXGroup;
			children = (
				8A07549E1C21A79200AFAD38 /* libHubFramework.a */,
				8ADD42991C21CF6500D1A801 /* HubFrameworkTests.xctest */,
			);
			name = Products;
			sourceTree = "<group>";
		};
		8A0754AA1C21A7B600AFAD38 /* include */ = {
			isa = PBXGroup;
			children = (
				8A880ACE1C21AE7A00ADB737 /* module.modulemap */,
				8A880ACF1C21AE9000ADB737 /* HubFramework.h */,
				8ADD42901C21C7BC00D1A801 /* HUBManager.h */,
				8A786B971C58E3B100B2AB9E /* Content */,
				8AF9FA021C5254CA003F3D6C /* View */,
				8ADD42AC1C21D13B00D1A801 /* Components */,
			);
			path = include;
			sourceTree = "<group>";
		};
		8A0754AB1C21A7B600AFAD38 /* sources */ = {
			isa = PBXGroup;
			children = (
				8ADD42911C21C81100D1A801 /* HUBManager.m */,
				8AF9FA041C5254E8003F3D6C /* View */,
				8AA29C891C4FAD4200E972B7 /* Components */,
			);
			path = sources;
			sourceTree = "<group>";
		};
		8A786B971C58E3B100B2AB9E /* Content */ = {
			isa = PBXGroup;
			children = (
				8A786B991C58E4A300B2AB9E /* HUBContentProviderFactory.h */,
				8A786B981C58E3FB00B2AB9E /* HUBRemoteContentProvider.h */,
				8A786B9A1C58E4AD00B2AB9E /* HUBLocalContentProvider.h */,
			);
			name = Content;
			sourceTree = "<group>";
		};
		8A88089B1C21AC8C00ADB737 /* Build System */ = {
			isa = PBXGroup;
			children = (
				8A88089C1C21ACA600ADB737 /* spotify_shared.xcconfig */,
			);
			name = "Build System";
			sourceTree = "<group>";
		};
		8AA29C891C4FAD4200E972B7 /* Components */ = {
			isa = PBXGroup;
			children = (
				8AA29C831C4FAA9200E972B7 /* HUBComponentModelImplementation.h */,
				8AA29C841C4FAA9200E972B7 /* HUBComponentModelImplementation.m */,
				8AA29C8A1C4FAD6700E972B7 /* HUBComponentModelBuilderImplementation.h */,
				8AA29C8B1C4FAD6700E972B7 /* HUBComponentModelBuilderImplementation.m */,
				8AA29C861C4FAB6200E972B7 /* HUBComponentImageDataImplementation.h */,
				8AA29C871C4FAB6200E972B7 /* HUBComponentImageDataImplementation.m */,
				8AA29C8D1C4FAFC100E972B7 /* HUBComponentImageDataBuilderImplementation.h */,
				8AA29C8E1C4FAFC100E972B7 /* HUBComponentImageDataBuilderImplementation.m */,
				8A88089E1C21AD0900ADB737 /* HUBComponentRegistryImplementation.h */,
				8A88089F1C21AD0900ADB737 /* HUBComponentRegistryImplementation.m */,
			);
			name = Components;
			sourceTree = "<group>";
		};
		8ADD42A41C21CFE800D1A801 /* tests */ = {
			isa = PBXGroup;
			children = (
				8ADD42AE1C21D8C900D1A801 /* mocks */,
				8ADD42A91C21D08100D1A801 /* HUBManagerTests.m */,
				8ADD42A51C21CFE800D1A801 /* HUBComponentRegistryTests.m */,
				8AA29CF71C4FE59100E972B7 /* HUBComponentModelBuilderTests.m */,
				8ADD42A61C21CFE800D1A801 /* Info.plist */,
			);
			path = tests;
			sourceTree = "<group>";
		};
		8ADD42AC1C21D13B00D1A801 /* Components */ = {
			isa = PBXGroup;
			children = (
				8A0754AC1C21A7C700AFAD38 /* HUBComponent.h */,
				8ADD42AD1C21D65600D1A801 /* HUBComponentModel.h */,
				8AA29C801C4FA7B600E972B7 /* HUBComponentModelBuilder.h */,
				8AA29C7F1C4FA5FE00E972B7 /* HUBComponentImageData.h */,
				8AA29C811C4FA8C400E972B7 /* HUBComponentImageDataBuilder.h */,
				8ADD42931C21C94800D1A801 /* HUBComponentRegistry.h */,
				8ADD42AB1C21D13400D1A801 /* HUBComponentFallbackHandler.h */,
			);
			name = Components;
			sourceTree = "<group>";
		};
		8ADD42AE1C21D8C900D1A801 /* mocks */ = {
			isa = PBXGroup;
			children = (
				8ADD43771C21DBE300D1A801 /* HUBComponentMock.h */,
				8ADD43781C21DBE300D1A801 /* HUBComponentMock.m */,
				8ADD42AF1C21D8D700D1A801 /* HUBComponentFallbackHandlerMock.h */,
				8ADD42B01C21D8D700D1A801 /* HUBComponentFallbackHandlerMock.m */,
			);
			path = mocks;
			sourceTree = "<group>";
		};
		8AF9FA021C5254CA003F3D6C /* View */ = {
			isa = PBXGroup;
			children = (
				8AF9FA031C5254D5003F3D6C /* HUBViewModel.h */,
			);
			name = View;
			sourceTree = "<group>";
		};
		8AF9FA041C5254E8003F3D6C /* View */ = {
			isa = PBXGroup;
			children = (
				8AF9FA051C5254F5003F3D6C /* HUBViewModelImplementation.h */,
				8AF9FA061C5254F5003F3D6C /* HUBViewModelImplementation.m */,
			);
			name = View;
			sourceTree = "<group>";
		};
/* End PBXGroup section */

/* Begin PBXNativeTarget section */
		8A07549D1C21A79200AFAD38 /* HubFramework */ = {
			isa = PBXNativeTarget;
			buildConfigurationList = 8A0754A71C21A79200AFAD38 /* Build configuration list for PBXNativeTarget "HubFramework" */;
			buildPhases = (
				8A07549A1C21A79200AFAD38 /* Sources */,
				8A07549B1C21A79200AFAD38 /* Frameworks */,
				8A07549C1C21A79200AFAD38 /* CopyFiles */,
			);
			buildRules = (
			);
			dependencies = (
			);
			name = HubFramework;
			productName = HubFramework;
			productReference = 8A07549E1C21A79200AFAD38 /* libHubFramework.a */;
			productType = "com.apple.product-type.library.static";
		};
		8ADD42981C21CF6500D1A801 /* HubFrameworkTests */ = {
			isa = PBXNativeTarget;
			buildConfigurationList = 8ADD42A11C21CF6500D1A801 /* Build configuration list for PBXNativeTarget "HubFrameworkTests" */;
			buildPhases = (
				8ADD42951C21CF6500D1A801 /* Sources */,
				8ADD42961C21CF6500D1A801 /* Frameworks */,
				8ADD42971C21CF6500D1A801 /* Resources */,
			);
			buildRules = (
			);
			dependencies = (
				8ADD42A01C21CF6500D1A801 /* PBXTargetDependency */,
			);
			name = HubFrameworkTests;
			productName = HubFrameworkTests;
			productReference = 8ADD42991C21CF6500D1A801 /* HubFrameworkTests.xctest */;
			productType = "com.apple.product-type.bundle.unit-test";
		};
/* End PBXNativeTarget section */

/* Begin PBXProject section */
		8A0754961C21A79200AFAD38 /* Project object */ = {
			isa = PBXProject;
			attributes = {
				LastUpgradeCheck = 0710;
				ORGANIZATIONNAME = Spotify;
				TargetAttributes = {
					8A07549D1C21A79200AFAD38 = {
						CreatedOnToolsVersion = 7.1;
					};
					8ADD42981C21CF6500D1A801 = {
						CreatedOnToolsVersion = 7.1;
					};
				};
			};
			buildConfigurationList = 8A0754991C21A79200AFAD38 /* Build configuration list for PBXProject "HubFramework" */;
			compatibilityVersion = "Xcode 3.2";
			developmentRegion = English;
			hasScannedForEncodings = 0;
			knownRegions = (
				en,
			);
			mainGroup = 8A0754951C21A79200AFAD38;
			productRefGroup = 8A07549F1C21A79200AFAD38 /* Products */;
			projectDirPath = "";
			projectRoot = "";
			targets = (
				8A07549D1C21A79200AFAD38 /* HubFramework */,
				8ADD42981C21CF6500D1A801 /* HubFrameworkTests */,
			);
		};
/* End PBXProject section */

/* Begin PBXResourcesBuildPhase section */
		8ADD42971C21CF6500D1A801 /* Resources */ = {
			isa = PBXResourcesBuildPhase;
			buildActionMask = 2147483647;
			files = (
			);
			runOnlyForDeploymentPostprocessing = 0;
		};
/* End PBXResourcesBuildPhase section */

/* Begin PBXSourcesBuildPhase section */
		8A07549A1C21A79200AFAD38 /* Sources */ = {
			isa = PBXSourcesBuildPhase;
			buildActionMask = 2147483647;
			files = (
				8A8808A01C21AD0900ADB737 /* HUBComponentRegistryImplementation.m in Sources */,
				8AA29C881C4FAB6200E972B7 /* HUBComponentImageDataImplementation.m in Sources */,
				8AA29C851C4FAA9200E972B7 /* HUBComponentModelImplementation.m in Sources */,
				8ADD42921C21C81100D1A801 /* HUBManager.m in Sources */,
				8AA29C8C1C4FAD6700E972B7 /* HUBComponentModelBuilderImplementation.m in Sources */,
				8AF9FA071C5254F5003F3D6C /* HUBViewModelImplementation.m in Sources */,
				8AA29C8F1C4FAFC100E972B7 /* HUBComponentImageDataBuilderImplementation.m in Sources */,
			);
			runOnlyForDeploymentPostprocessing = 0;
		};
		8ADD42951C21CF6500D1A801 /* Sources */ = {
			isa = PBXSourcesBuildPhase;
			buildActionMask = 2147483647;
			files = (
				8ADD42A71C21CFE800D1A801 /* HUBComponentRegistryTests.m in Sources */,
				8AA29CF81C4FE59100E972B7 /* HUBComponentModelBuilderTests.m in Sources */,
				8ADD43791C21DBE300D1A801 /* HUBComponentMock.m in Sources */,
				8ADD42B11C21D8D700D1A801 /* HUBComponentFallbackHandlerMock.m in Sources */,
				8ADD42AA1C21D08100D1A801 /* HUBManagerTests.m in Sources */,
			);
			runOnlyForDeploymentPostprocessing = 0;
		};
/* End PBXSourcesBuildPhase section */

/* Begin PBXTargetDependency section */
		8ADD42A01C21CF6500D1A801 /* PBXTargetDependency */ = {
			isa = PBXTargetDependency;
			target = 8A07549D1C21A79200AFAD38 /* HubFramework */;
			targetProxy = 8ADD429F1C21CF6500D1A801 /* PBXContainerItemProxy */;
		};
/* End PBXTargetDependency section */

/* Begin XCBuildConfiguration section */
		8A0754A51C21A79200AFAD38 /* Debug */ = {
			isa = XCBuildConfiguration;
			buildSettings = {
				ALWAYS_SEARCH_USER_PATHS = NO;
				CLANG_CXX_LANGUAGE_STANDARD = "gnu++0x";
				CLANG_CXX_LIBRARY = "libc++";
				CLANG_ENABLE_MODULES = YES;
				CLANG_ENABLE_OBJC_ARC = YES;
				CLANG_WARN_BOOL_CONVERSION = YES;
				CLANG_WARN_CONSTANT_CONVERSION = YES;
				CLANG_WARN_DIRECT_OBJC_ISA_USAGE = YES_ERROR;
				CLANG_WARN_EMPTY_BODY = YES;
				CLANG_WARN_ENUM_CONVERSION = YES;
				CLANG_WARN_INT_CONVERSION = YES;
				CLANG_WARN_OBJC_ROOT_CLASS = YES_ERROR;
				CLANG_WARN_UNREACHABLE_CODE = YES;
				CLANG_WARN__DUPLICATE_METHOD_MATCH = YES;
				"CODE_SIGN_IDENTITY[sdk=iphoneos*]" = "iPhone Developer";
				COPY_PHASE_STRIP = NO;
				DEBUG_INFORMATION_FORMAT = dwarf;
				ENABLE_STRICT_OBJC_MSGSEND = YES;
				ENABLE_TESTABILITY = YES;
				GCC_C_LANGUAGE_STANDARD = gnu99;
				GCC_DYNAMIC_NO_PIC = NO;
				GCC_NO_COMMON_BLOCKS = YES;
				GCC_OPTIMIZATION_LEVEL = 0;
				GCC_PREPROCESSOR_DEFINITIONS = (
					"DEBUG=1",
					"$(inherited)",
				);
				GCC_WARN_64_TO_32_BIT_CONVERSION = YES;
				GCC_WARN_ABOUT_RETURN_TYPE = YES_ERROR;
				GCC_WARN_UNDECLARED_SELECTOR = YES;
				GCC_WARN_UNINITIALIZED_AUTOS = YES_AGGRESSIVE;
				GCC_WARN_UNUSED_FUNCTION = YES;
				GCC_WARN_UNUSED_VARIABLE = YES;
				IPHONEOS_DEPLOYMENT_TARGET = 9.1;
				MTL_ENABLE_DEBUG_INFO = YES;
				ONLY_ACTIVE_ARCH = YES;
				SDKROOT = iphoneos;
			};
			name = Debug;
		};
		8A0754A61C21A79200AFAD38 /* Release */ = {
			isa = XCBuildConfiguration;
			buildSettings = {
				ALWAYS_SEARCH_USER_PATHS = NO;
				CLANG_CXX_LANGUAGE_STANDARD = "gnu++0x";
				CLANG_CXX_LIBRARY = "libc++";
				CLANG_ENABLE_MODULES = YES;
				CLANG_ENABLE_OBJC_ARC = YES;
				CLANG_WARN_BOOL_CONVERSION = YES;
				CLANG_WARN_CONSTANT_CONVERSION = YES;
				CLANG_WARN_DIRECT_OBJC_ISA_USAGE = YES_ERROR;
				CLANG_WARN_EMPTY_BODY = YES;
				CLANG_WARN_ENUM_CONVERSION = YES;
				CLANG_WARN_INT_CONVERSION = YES;
				CLANG_WARN_OBJC_ROOT_CLASS = YES_ERROR;
				CLANG_WARN_UNREACHABLE_CODE = YES;
				CLANG_WARN__DUPLICATE_METHOD_MATCH = YES;
				"CODE_SIGN_IDENTITY[sdk=iphoneos*]" = "iPhone Developer";
				COPY_PHASE_STRIP = NO;
				DEBUG_INFORMATION_FORMAT = "dwarf-with-dsym";
				ENABLE_NS_ASSERTIONS = NO;
				ENABLE_STRICT_OBJC_MSGSEND = YES;
				GCC_C_LANGUAGE_STANDARD = gnu99;
				GCC_NO_COMMON_BLOCKS = YES;
				GCC_WARN_64_TO_32_BIT_CONVERSION = YES;
				GCC_WARN_ABOUT_RETURN_TYPE = YES_ERROR;
				GCC_WARN_UNDECLARED_SELECTOR = YES;
				GCC_WARN_UNINITIALIZED_AUTOS = YES_AGGRESSIVE;
				GCC_WARN_UNUSED_FUNCTION = YES;
				GCC_WARN_UNUSED_VARIABLE = YES;
				IPHONEOS_DEPLOYMENT_TARGET = 9.1;
				MTL_ENABLE_DEBUG_INFO = NO;
				SDKROOT = iphoneos;
				VALIDATE_PRODUCT = YES;
			};
			name = Release;
		};
		8A0754A81C21A79200AFAD38 /* Debug */ = {
			isa = XCBuildConfiguration;
			baseConfigurationReference = 8A88089C1C21ACA600ADB737 /* spotify_shared.xcconfig */;
			buildSettings = {
				DEFINES_MODULE = YES;
				OTHER_LDFLAGS = "-ObjC";
				PRODUCT_NAME = "$(TARGET_NAME)";
				SKIP_INSTALL = YES;
			};
			name = Debug;
		};
		8A0754A91C21A79200AFAD38 /* Release */ = {
			isa = XCBuildConfiguration;
			baseConfigurationReference = 8A88089C1C21ACA600ADB737 /* spotify_shared.xcconfig */;
			buildSettings = {
				DEFINES_MODULE = YES;
				OTHER_LDFLAGS = "-ObjC";
				PRODUCT_NAME = "$(TARGET_NAME)";
				SKIP_INSTALL = YES;
			};
			name = Release;
		};
		8ADD42A21C21CF6500D1A801 /* Debug */ = {
			isa = XCBuildConfiguration;
			buildSettings = {
				INFOPLIST_FILE = tests/Info.plist;
				LD_RUNPATH_SEARCH_PATHS = "$(inherited) @executable_path/Frameworks @loader_path/Frameworks";
				PRODUCT_BUNDLE_IDENTIFIER = com.spotify.HubFrameworkTests;
				PRODUCT_NAME = "$(TARGET_NAME)";
			};
			name = Debug;
		};
		8ADD42A31C21CF6500D1A801 /* Release */ = {
			isa = XCBuildConfiguration;
			buildSettings = {
				INFOPLIST_FILE = tests/Info.plist;
				LD_RUNPATH_SEARCH_PATHS = "$(inherited) @executable_path/Frameworks @loader_path/Frameworks";
				PRODUCT_BUNDLE_IDENTIFIER = com.spotify.HubFrameworkTests;
				PRODUCT_NAME = "$(TARGET_NAME)";
			};
			name = Release;
		};
/* End XCBuildConfiguration section */

/* Begin XCConfigurationList section */
		8A0754991C21A79200AFAD38 /* Build configuration list for PBXProject "HubFramework" */ = {
			isa = XCConfigurationList;
			buildConfigurations = (
				8A0754A51C21A79200AFAD38 /* Debug */,
				8A0754A61C21A79200AFAD38 /* Release */,
			);
			defaultConfigurationIsVisible = 0;
			defaultConfigurationName = Release;
		};
		8A0754A71C21A79200AFAD38 /* Build configuration list for PBXNativeTarget "HubFramework" */ = {
			isa = XCConfigurationList;
			buildConfigurations = (
				8A0754A81C21A79200AFAD38 /* Debug */,
				8A0754A91C21A79200AFAD38 /* Release */,
			);
			defaultConfigurationIsVisible = 0;
			defaultConfigurationName = Release;
		};
		8ADD42A11C21CF6500D1A801 /* Build configuration list for PBXNativeTarget "HubFrameworkTests" */ = {
			isa = XCConfigurationList;
			buildConfigurations = (
				8ADD42A21C21CF6500D1A801 /* Debug */,
				8ADD42A31C21CF6500D1A801 /* Release */,
			);
			defaultConfigurationIsVisible = 0;
			defaultConfigurationName = Release;
		};
/* End XCConfigurationList section */
	};
	rootObject = 8A0754961C21A79200AFAD38 /* Project object */;
}
