// !$*UTF8*$!
{
	archiveVersion = 1;
	classes = {
	};
	objectVersion = 46;
	objects = {

/* Begin PBXBuildFile section */
		8A58E0E31C5A77C700F41A5C /* HUBJSONPathTests.m in Sources */ = {isa = PBXBuildFile; fileRef = 8A58E0E21C5A77C700F41A5C /* HUBJSONPathTests.m */; };
		8A58E1471C5B79A900F41A5C /* HUBMutableJSONPathTests.m in Sources */ = {isa = PBXBuildFile; fileRef = 8A58E1461C5B79A900F41A5C /* HUBMutableJSONPathTests.m */; };
		8A58E1491C5FA62E00F41A5C /* HUBComponentImageDataBuilderTests.m in Sources */ = {isa = PBXBuildFile; fileRef = 8A58E1481C5FA62E00F41A5C /* HUBComponentImageDataBuilderTests.m */; };
		8A786B941C57D62100B2AB9E /* HUBViewModelBuilderImplementation.m in Sources */ = {isa = PBXBuildFile; fileRef = 8A786B931C57D62100B2AB9E /* HUBViewModelBuilderImplementation.m */; };
		8A786B961C57E6F300B2AB9E /* HUBViewModelBuilderTests.m in Sources */ = {isa = PBXBuildFile; fileRef = 8A786B951C57E6F300B2AB9E /* HUBViewModelBuilderTests.m */; };
		8A786BA81C5A2E8F00B2AB9E /* HUBJSONSchemaRegistryImplementation.m in Sources */ = {isa = PBXBuildFile; fileRef = 8A786BA71C5A2E8F00B2AB9E /* HUBJSONSchemaRegistryImplementation.m */; };
		8A786BAB1C5A326300B2AB9E /* HUBJSONSchemaImplementation.m in Sources */ = {isa = PBXBuildFile; fileRef = 8A786BAA1C5A326300B2AB9E /* HUBJSONSchemaImplementation.m */; };
		8A786BB21C5A383800B2AB9E /* HUBViewModelJSONSchemaImplementation.m in Sources */ = {isa = PBXBuildFile; fileRef = 8A786BB11C5A383800B2AB9E /* HUBViewModelJSONSchemaImplementation.m */; };
		8A786BB81C5A4CB400B2AB9E /* HUBMutableJSONPathImplementation.m in Sources */ = {isa = PBXBuildFile; fileRef = 8A786BB71C5A4CB400B2AB9E /* HUBMutableJSONPathImplementation.m */; };
		8A786BBB1C5A4F1800B2AB9E /* HUBJSONParsingOperation.m in Sources */ = {isa = PBXBuildFile; fileRef = 8A786BBA1C5A4F1800B2AB9E /* HUBJSONParsingOperation.m */; };
		8A786BBE1C5A595900B2AB9E /* HUBJSONPathImplementation.m in Sources */ = {isa = PBXBuildFile; fileRef = 8A786BBD1C5A595900B2AB9E /* HUBJSONPathImplementation.m */; };
		8A8808A01C21AD0900ADB737 /* HUBComponentRegistryImplementation.m in Sources */ = {isa = PBXBuildFile; fileRef = 8A88089F1C21AD0900ADB737 /* HUBComponentRegistryImplementation.m */; };
		8AA29C851C4FAA9200E972B7 /* HUBComponentModelImplementation.m in Sources */ = {isa = PBXBuildFile; fileRef = 8AA29C841C4FAA9200E972B7 /* HUBComponentModelImplementation.m */; };
		8AA29C881C4FAB6200E972B7 /* HUBComponentImageDataImplementation.m in Sources */ = {isa = PBXBuildFile; fileRef = 8AA29C871C4FAB6200E972B7 /* HUBComponentImageDataImplementation.m */; };
		8AA29C8C1C4FAD6700E972B7 /* HUBComponentModelBuilderImplementation.m in Sources */ = {isa = PBXBuildFile; fileRef = 8AA29C8B1C4FAD6700E972B7 /* HUBComponentModelBuilderImplementation.m */; };
		8AA29C8F1C4FAFC100E972B7 /* HUBComponentImageDataBuilderImplementation.m in Sources */ = {isa = PBXBuildFile; fileRef = 8AA29C8E1C4FAFC100E972B7 /* HUBComponentImageDataBuilderImplementation.m */; };
		8AA29CF81C4FE59100E972B7 /* HUBComponentModelBuilderTests.m in Sources */ = {isa = PBXBuildFile; fileRef = 8AA29CF71C4FE59100E972B7 /* HUBComponentModelBuilderTests.m */; };
		8AA97C0D1C60BA4E0078F19D /* HUBFeatureRegistryImplementation.m in Sources */ = {isa = PBXBuildFile; fileRef = 8AA97C0C1C60BA4E0078F19D /* HUBFeatureRegistryImplementation.m */; };
		8AA97C111C60BB380078F19D /* HUBFeatureConfigurationImplementation.m in Sources */ = {isa = PBXBuildFile; fileRef = 8AA97C101C60BB380078F19D /* HUBFeatureConfigurationImplementation.m */; };
		8AA97C141C60BD6D0078F19D /* HUBFeatureRegistration.m in Sources */ = {isa = PBXBuildFile; fileRef = 8AA97C131C60BD6D0078F19D /* HUBFeatureRegistration.m */; };
		8AA97C161C60C5320078F19D /* HUBFeatureRegistryTests.m in Sources */ = {isa = PBXBuildFile; fileRef = 8AA97C151C60C5320078F19D /* HUBFeatureRegistryTests.m */; };
		8AA97C1A1C60C5F60078F19D /* HUBContentProviderFactoryMock.m in Sources */ = {isa = PBXBuildFile; fileRef = 8AA97C181C60C5CD0078F19D /* HUBContentProviderFactoryMock.m */; };
		8AA97C1E1C60CE980078F19D /* HUBViewURIQualifierMock.m in Sources */ = {isa = PBXBuildFile; fileRef = 8AA97C1D1C60CE980078F19D /* HUBViewURIQualifierMock.m */; };
		8ACB2A7A1C6A2F7C000741D7 /* HUBComponentIdentifier.m in Sources */ = {isa = PBXBuildFile; fileRef = 8ACB2A791C6A2F7C000741D7 /* HUBComponentIdentifier.m */; };
		8ACB2A7C1C6A2F99000741D7 /* HUBComponentIdentifierTests.m in Sources */ = {isa = PBXBuildFile; fileRef = 8ACB2A7B1C6A2F99000741D7 /* HUBComponentIdentifierTests.m */; };
		8AD064561C64B6DB0086C081 /* HUBComponentModelJSONSchemaImplementation.m in Sources */ = {isa = PBXBuildFile; fileRef = 8AD064551C64B6DB0086C081 /* HUBComponentModelJSONSchemaImplementation.m */; };
		8AD064581C64B76B0086C081 /* HUBJSONSchemaRegistryTests.m in Sources */ = {isa = PBXBuildFile; fileRef = 8AD064571C64B76B0086C081 /* HUBJSONSchemaRegistryTests.m */; };
		8AD0645E1C64F45A0086C081 /* HUBConnectivityStateResolverMock.m in Sources */ = {isa = PBXBuildFile; fileRef = 8AD0645C1C64F4510086C081 /* HUBConnectivityStateResolverMock.m */; };
		8AD064601C64F5460086C081 /* HUBViewModelLoaderTests.m in Sources */ = {isa = PBXBuildFile; fileRef = 8AD0645F1C64F5460086C081 /* HUBViewModelLoaderTests.m */; };
		8AD064631C64F5F30086C081 /* HUBRemoteContentProviderMock.m in Sources */ = {isa = PBXBuildFile; fileRef = 8AD064621C64F5F30086C081 /* HUBRemoteContentProviderMock.m */; };
		8AD064661C64F7C30086C081 /* HUBLocalContentProviderMock.m in Sources */ = {isa = PBXBuildFile; fileRef = 8AD064651C64F7C30086C081 /* HUBLocalContentProviderMock.m */; };
		8AD064741C68F0820086C081 /* HUBViewModelLoaderFactoryImplementation.m in Sources */ = {isa = PBXBuildFile; fileRef = 8AD064731C68F0820086C081 /* HUBViewModelLoaderFactoryImplementation.m */; };
		8AD064791C69FFD00086C081 /* HUBViewModelLoaderFactoryTests.m in Sources */ = {isa = PBXBuildFile; fileRef = 8AD064781C69FFD00086C081 /* HUBViewModelLoaderFactoryTests.m */; };
		8ADD42921C21C81100D1A801 /* HUBManager.m in Sources */ = {isa = PBXBuildFile; fileRef = 8ADD42911C21C81100D1A801 /* HUBManager.m */; };
		8ADD429E1C21CF6500D1A801 /* libHubFramework.a in Frameworks */ = {isa = PBXBuildFile; fileRef = 8A07549E1C21A79200AFAD38 /* libHubFramework.a */; };
		8ADD42A71C21CFE800D1A801 /* HUBComponentRegistryTests.m in Sources */ = {isa = PBXBuildFile; fileRef = 8ADD42A51C21CFE800D1A801 /* HUBComponentRegistryTests.m */; };
		8ADD42AA1C21D08100D1A801 /* HUBManagerTests.m in Sources */ = {isa = PBXBuildFile; fileRef = 8ADD42A91C21D08100D1A801 /* HUBManagerTests.m */; };
		8ADD42B11C21D8D700D1A801 /* HUBComponentFallbackHandlerMock.m in Sources */ = {isa = PBXBuildFile; fileRef = 8ADD42B01C21D8D700D1A801 /* HUBComponentFallbackHandlerMock.m */; };
		8ADD43791C21DBE300D1A801 /* HUBComponentMock.m in Sources */ = {isa = PBXBuildFile; fileRef = 8ADD43781C21DBE300D1A801 /* HUBComponentMock.m */; };
		8AE278A01C6236E400DFAF99 /* HUBComponentImageDataJSONSchemaImplementation.m in Sources */ = {isa = PBXBuildFile; fileRef = 8AE2789F1C6236E400DFAF99 /* HUBComponentImageDataJSONSchemaImplementation.m */; };
		8AF5B57F1C64B59E001FF228 /* HUBViewModelLoaderImplementation.m in Sources */ = {isa = PBXBuildFile; fileRef = 8AF5B57E1C64B59E001FF228 /* HUBViewModelLoaderImplementation.m */; };
		8AF9FA071C5254F5003F3D6C /* HUBViewModelImplementation.m in Sources */ = {isa = PBXBuildFile; fileRef = 8AF9FA061C5254F5003F3D6C /* HUBViewModelImplementation.m */; };
		DDBCF36C1C68DD2300693038 /* UIKit.framework in Frameworks */ = {isa = PBXBuildFile; fileRef = DDBCF36B1C68DD2300693038 /* UIKit.framework */; };
		DDBCF36E1C68DE2C00693038 /* CoreGraphics.framework in Frameworks */ = {isa = PBXBuildFile; fileRef = DDBCF36D1C68DE2C00693038 /* CoreGraphics.framework */; };
		DDBCF36F1C68DE4900693038 /* CoreGraphics.framework in Frameworks */ = {isa = PBXBuildFile; fileRef = DDBCF36D1C68DE2C00693038 /* CoreGraphics.framework */; };
		DDBCF3701C68DE5000693038 /* UIKit.framework in Frameworks */ = {isa = PBXBuildFile; fileRef = DDBCF36B1C68DD2300693038 /* UIKit.framework */; };
/* End PBXBuildFile section */

/* Begin PBXContainerItemProxy section */
		8ADD429F1C21CF6500D1A801 /* PBXContainerItemProxy */ = {
			isa = PBXContainerItemProxy;
			containerPortal = 8A0754961C21A79200AFAD38 /* Project object */;
			proxyType = 1;
			remoteGlobalIDString = 8A07549D1C21A79200AFAD38;
			remoteInfo = HubFramework;
		};
/* End PBXContainerItemProxy section */

/* Begin PBXCopyFilesBuildPhase section */
		8A07549C1C21A79200AFAD38 /* CopyFiles */ = {
			isa = PBXCopyFilesBuildPhase;
			buildActionMask = 2147483647;
			dstPath = "include/$(PRODUCT_NAME)";
			dstSubfolderSpec = 16;
			files = (
			);
			runOnlyForDeploymentPostprocessing = 0;
		};
/* End PBXCopyFilesBuildPhase section */

/* Begin PBXFileReference section */
		8A07549E1C21A79200AFAD38 /* libHubFramework.a */ = {isa = PBXFileReference; explicitFileType = archive.ar; includeInIndex = 0; path = libHubFramework.a; sourceTree = BUILT_PRODUCTS_DIR; };
		8A0754AC1C21A7C700AFAD38 /* HUBComponent.h */ = {isa = PBXFileReference; lastKnownFileType = sourcecode.c.h; path = HUBComponent.h; sourceTree = "<group>"; };
		8A58E0E21C5A77C700F41A5C /* HUBJSONPathTests.m */ = {isa = PBXFileReference; fileEncoding = 4; lastKnownFileType = sourcecode.c.objc; path = HUBJSONPathTests.m; sourceTree = "<group>"; };
		8A58E1461C5B79A900F41A5C /* HUBMutableJSONPathTests.m */ = {isa = PBXFileReference; fileEncoding = 4; lastKnownFileType = sourcecode.c.objc; path = HUBMutableJSONPathTests.m; sourceTree = "<group>"; };
		8A58E1481C5FA62E00F41A5C /* HUBComponentImageDataBuilderTests.m */ = {isa = PBXFileReference; fileEncoding = 4; lastKnownFileType = sourcecode.c.objc; path = HUBComponentImageDataBuilderTests.m; sourceTree = "<group>"; };
		8A786B911C57D53600B2AB9E /* HUBViewModelBuilder.h */ = {isa = PBXFileReference; lastKnownFileType = sourcecode.c.h; path = HUBViewModelBuilder.h; sourceTree = "<group>"; };
		8A786B921C57D62100B2AB9E /* HUBViewModelBuilderImplementation.h */ = {isa = PBXFileReference; fileEncoding = 4; lastKnownFileType = sourcecode.c.h; path = HUBViewModelBuilderImplementation.h; sourceTree = "<group>"; };
		8A786B931C57D62100B2AB9E /* HUBViewModelBuilderImplementation.m */ = {isa = PBXFileReference; fileEncoding = 4; lastKnownFileType = sourcecode.c.objc; path = HUBViewModelBuilderImplementation.m; sourceTree = "<group>"; };
		8A786B951C57E6F300B2AB9E /* HUBViewModelBuilderTests.m */ = {isa = PBXFileReference; fileEncoding = 4; lastKnownFileType = sourcecode.c.objc; path = HUBViewModelBuilderTests.m; sourceTree = "<group>"; };
		8A786B981C58E3FB00B2AB9E /* HUBRemoteContentProvider.h */ = {isa = PBXFileReference; lastKnownFileType = sourcecode.c.h; path = HUBRemoteContentProvider.h; sourceTree = "<group>"; };
		8A786B991C58E4A300B2AB9E /* HUBContentProviderFactory.h */ = {isa = PBXFileReference; lastKnownFileType = sourcecode.c.h; path = HUBContentProviderFactory.h; sourceTree = "<group>"; };
		8A786B9A1C58E4AD00B2AB9E /* HUBLocalContentProvider.h */ = {isa = PBXFileReference; lastKnownFileType = sourcecode.c.h; path = HUBLocalContentProvider.h; sourceTree = "<group>"; };
		8A786BA11C5A29F800B2AB9E /* HUBJSONSchema.h */ = {isa = PBXFileReference; lastKnownFileType = sourcecode.c.h; path = HUBJSONSchema.h; sourceTree = "<group>"; };
		8A786BA41C5A2E2A00B2AB9E /* HUBJSONSchemaRegistry.h */ = {isa = PBXFileReference; lastKnownFileType = sourcecode.c.h; path = HUBJSONSchemaRegistry.h; sourceTree = "<group>"; };
		8A786BA61C5A2E8F00B2AB9E /* HUBJSONSchemaRegistryImplementation.h */ = {isa = PBXFileReference; fileEncoding = 4; lastKnownFileType = sourcecode.c.h; path = HUBJSONSchemaRegistryImplementation.h; sourceTree = "<group>"; };
		8A786BA71C5A2E8F00B2AB9E /* HUBJSONSchemaRegistryImplementation.m */ = {isa = PBXFileReference; fileEncoding = 4; lastKnownFileType = sourcecode.c.objc; path = HUBJSONSchemaRegistryImplementation.m; sourceTree = "<group>"; };
		8A786BA91C5A326300B2AB9E /* HUBJSONSchemaImplementation.h */ = {isa = PBXFileReference; fileEncoding = 4; lastKnownFileType = sourcecode.c.h; path = HUBJSONSchemaImplementation.h; sourceTree = "<group>"; };
		8A786BAA1C5A326300B2AB9E /* HUBJSONSchemaImplementation.m */ = {isa = PBXFileReference; fileEncoding = 4; lastKnownFileType = sourcecode.c.objc; path = HUBJSONSchemaImplementation.m; sourceTree = "<group>"; };
		8A786BAC1C5A345D00B2AB9E /* HUBJSONPath.h */ = {isa = PBXFileReference; lastKnownFileType = sourcecode.c.h; path = HUBJSONPath.h; sourceTree = "<group>"; };
		8A786BAD1C5A34C000B2AB9E /* HUBMutableJSONPath.h */ = {isa = PBXFileReference; lastKnownFileType = sourcecode.c.h; path = HUBMutableJSONPath.h; sourceTree = "<group>"; };
		8A786BAE1C5A37E200B2AB9E /* HUBViewModelJSONSchema.h */ = {isa = PBXFileReference; lastKnownFileType = sourcecode.c.h; path = HUBViewModelJSONSchema.h; sourceTree = "<group>"; };
		8A786BAF1C5A37F000B2AB9E /* HUBComponentModelJSONSchema.h */ = {isa = PBXFileReference; lastKnownFileType = sourcecode.c.h; path = HUBComponentModelJSONSchema.h; sourceTree = "<group>"; };
		8A786BB01C5A383800B2AB9E /* HUBViewModelJSONSchemaImplementation.h */ = {isa = PBXFileReference; fileEncoding = 4; lastKnownFileType = sourcecode.c.h; path = HUBViewModelJSONSchemaImplementation.h; sourceTree = "<group>"; };
		8A786BB11C5A383800B2AB9E /* HUBViewModelJSONSchemaImplementation.m */ = {isa = PBXFileReference; fileEncoding = 4; lastKnownFileType = sourcecode.c.objc; path = HUBViewModelJSONSchemaImplementation.m; sourceTree = "<group>"; };
		8A786BB61C5A4CB400B2AB9E /* HUBMutableJSONPathImplementation.h */ = {isa = PBXFileReference; fileEncoding = 4; lastKnownFileType = sourcecode.c.h; path = HUBMutableJSONPathImplementation.h; sourceTree = "<group>"; };
		8A786BB71C5A4CB400B2AB9E /* HUBMutableJSONPathImplementation.m */ = {isa = PBXFileReference; fileEncoding = 4; lastKnownFileType = sourcecode.c.objc; path = HUBMutableJSONPathImplementation.m; sourceTree = "<group>"; };
		8A786BB91C5A4F1800B2AB9E /* HUBJSONParsingOperation.h */ = {isa = PBXFileReference; fileEncoding = 4; lastKnownFileType = sourcecode.c.h; path = HUBJSONParsingOperation.h; sourceTree = "<group>"; };
		8A786BBA1C5A4F1800B2AB9E /* HUBJSONParsingOperation.m */ = {isa = PBXFileReference; fileEncoding = 4; lastKnownFileType = sourcecode.c.objc; path = HUBJSONParsingOperation.m; sourceTree = "<group>"; };
		8A786BBC1C5A595900B2AB9E /* HUBJSONPathImplementation.h */ = {isa = PBXFileReference; fileEncoding = 4; lastKnownFileType = sourcecode.c.h; path = HUBJSONPathImplementation.h; sourceTree = "<group>"; };
		8A786BBD1C5A595900B2AB9E /* HUBJSONPathImplementation.m */ = {isa = PBXFileReference; fileEncoding = 4; lastKnownFileType = sourcecode.c.objc; path = HUBJSONPathImplementation.m; sourceTree = "<group>"; };
		8A88089E1C21AD0900ADB737 /* HUBComponentRegistryImplementation.h */ = {isa = PBXFileReference; fileEncoding = 4; lastKnownFileType = sourcecode.c.h; path = HUBComponentRegistryImplementation.h; sourceTree = "<group>"; };
		8A88089F1C21AD0900ADB737 /* HUBComponentRegistryImplementation.m */ = {isa = PBXFileReference; fileEncoding = 4; lastKnownFileType = sourcecode.c.objc; path = HUBComponentRegistryImplementation.m; sourceTree = "<group>"; };
		8A880ACF1C21AE9000ADB737 /* HubFramework.h */ = {isa = PBXFileReference; lastKnownFileType = sourcecode.c.h; path = HubFramework.h; sourceTree = "<group>"; };
		8AA29C7F1C4FA5FE00E972B7 /* HUBComponentImageData.h */ = {isa = PBXFileReference; lastKnownFileType = sourcecode.c.h; path = HUBComponentImageData.h; sourceTree = "<group>"; };
		8AA29C801C4FA7B600E972B7 /* HUBComponentModelBuilder.h */ = {isa = PBXFileReference; lastKnownFileType = sourcecode.c.h; path = HUBComponentModelBuilder.h; sourceTree = "<group>"; };
		8AA29C811C4FA8C400E972B7 /* HUBComponentImageDataBuilder.h */ = {isa = PBXFileReference; lastKnownFileType = sourcecode.c.h; path = HUBComponentImageDataBuilder.h; sourceTree = "<group>"; };
		8AA29C831C4FAA9200E972B7 /* HUBComponentModelImplementation.h */ = {isa = PBXFileReference; fileEncoding = 4; lastKnownFileType = sourcecode.c.h; path = HUBComponentModelImplementation.h; sourceTree = "<group>"; };
		8AA29C841C4FAA9200E972B7 /* HUBComponentModelImplementation.m */ = {isa = PBXFileReference; fileEncoding = 4; lastKnownFileType = sourcecode.c.objc; path = HUBComponentModelImplementation.m; sourceTree = "<group>"; };
		8AA29C861C4FAB6200E972B7 /* HUBComponentImageDataImplementation.h */ = {isa = PBXFileReference; fileEncoding = 4; lastKnownFileType = sourcecode.c.h; path = HUBComponentImageDataImplementation.h; sourceTree = "<group>"; };
		8AA29C871C4FAB6200E972B7 /* HUBComponentImageDataImplementation.m */ = {isa = PBXFileReference; fileEncoding = 4; lastKnownFileType = sourcecode.c.objc; path = HUBComponentImageDataImplementation.m; sourceTree = "<group>"; };
		8AA29C8A1C4FAD6700E972B7 /* HUBComponentModelBuilderImplementation.h */ = {isa = PBXFileReference; fileEncoding = 4; lastKnownFileType = sourcecode.c.h; path = HUBComponentModelBuilderImplementation.h; sourceTree = "<group>"; };
		8AA29C8B1C4FAD6700E972B7 /* HUBComponentModelBuilderImplementation.m */ = {isa = PBXFileReference; fileEncoding = 4; lastKnownFileType = sourcecode.c.objc; path = HUBComponentModelBuilderImplementation.m; sourceTree = "<group>"; };
		8AA29C8D1C4FAFC100E972B7 /* HUBComponentImageDataBuilderImplementation.h */ = {isa = PBXFileReference; fileEncoding = 4; lastKnownFileType = sourcecode.c.h; path = HUBComponentImageDataBuilderImplementation.h; sourceTree = "<group>"; };
		8AA29C8E1C4FAFC100E972B7 /* HUBComponentImageDataBuilderImplementation.m */ = {isa = PBXFileReference; fileEncoding = 4; lastKnownFileType = sourcecode.c.objc; path = HUBComponentImageDataBuilderImplementation.m; sourceTree = "<group>"; };
		8AA29CF71C4FE59100E972B7 /* HUBComponentModelBuilderTests.m */ = {isa = PBXFileReference; fileEncoding = 4; lastKnownFileType = sourcecode.c.objc; path = HUBComponentModelBuilderTests.m; sourceTree = "<group>"; };
		8AA97C081C60B95E0078F19D /* HUBFeatureConfiguration.h */ = {isa = PBXFileReference; lastKnownFileType = sourcecode.c.h; path = HUBFeatureConfiguration.h; sourceTree = "<group>"; };
		8AA97C091C60B9FE0078F19D /* HUBFeatureRegistry.h */ = {isa = PBXFileReference; lastKnownFileType = sourcecode.c.h; path = HUBFeatureRegistry.h; sourceTree = "<group>"; };
		8AA97C0B1C60BA4E0078F19D /* HUBFeatureRegistryImplementation.h */ = {isa = PBXFileReference; fileEncoding = 4; lastKnownFileType = sourcecode.c.h; path = HUBFeatureRegistryImplementation.h; sourceTree = "<group>"; };
		8AA97C0C1C60BA4E0078F19D /* HUBFeatureRegistryImplementation.m */ = {isa = PBXFileReference; fileEncoding = 4; lastKnownFileType = sourcecode.c.objc; path = HUBFeatureRegistryImplementation.m; sourceTree = "<group>"; };
		8AA97C0F1C60BB380078F19D /* HUBFeatureConfigurationImplementation.h */ = {isa = PBXFileReference; fileEncoding = 4; lastKnownFileType = sourcecode.c.h; path = HUBFeatureConfigurationImplementation.h; sourceTree = "<group>"; };
		8AA97C101C60BB380078F19D /* HUBFeatureConfigurationImplementation.m */ = {isa = PBXFileReference; fileEncoding = 4; lastKnownFileType = sourcecode.c.objc; path = HUBFeatureConfigurationImplementation.m; sourceTree = "<group>"; };
		8AA97C121C60BD6D0078F19D /* HUBFeatureRegistration.h */ = {isa = PBXFileReference; fileEncoding = 4; lastKnownFileType = sourcecode.c.h; path = HUBFeatureRegistration.h; sourceTree = "<group>"; };
		8AA97C131C60BD6D0078F19D /* HUBFeatureRegistration.m */ = {isa = PBXFileReference; fileEncoding = 4; lastKnownFileType = sourcecode.c.objc; path = HUBFeatureRegistration.m; sourceTree = "<group>"; };
		8AA97C151C60C5320078F19D /* HUBFeatureRegistryTests.m */ = {isa = PBXFileReference; fileEncoding = 4; lastKnownFileType = sourcecode.c.objc; path = HUBFeatureRegistryTests.m; sourceTree = "<group>"; };
		8AA97C171C60C5CD0078F19D /* HUBContentProviderFactoryMock.h */ = {isa = PBXFileReference; fileEncoding = 4; lastKnownFileType = sourcecode.c.h; path = HUBContentProviderFactoryMock.h; sourceTree = "<group>"; };
		8AA97C181C60C5CD0078F19D /* HUBContentProviderFactoryMock.m */ = {isa = PBXFileReference; fileEncoding = 4; lastKnownFileType = sourcecode.c.objc; path = HUBContentProviderFactoryMock.m; sourceTree = "<group>"; };
		8AA97C1B1C60C9F80078F19D /* HUBViewURIQualifier.h */ = {isa = PBXFileReference; lastKnownFileType = sourcecode.c.h; path = HUBViewURIQualifier.h; sourceTree = "<group>"; };
		8AA97C1C1C60CE980078F19D /* HUBViewURIQualifierMock.h */ = {isa = PBXFileReference; fileEncoding = 4; lastKnownFileType = sourcecode.c.h; path = HUBViewURIQualifierMock.h; sourceTree = "<group>"; };
		8AA97C1D1C60CE980078F19D /* HUBViewURIQualifierMock.m */ = {isa = PBXFileReference; fileEncoding = 4; lastKnownFileType = sourcecode.c.objc; path = HUBViewURIQualifierMock.m; sourceTree = "<group>"; };
		8AA97C1F1C60D8270078F19D /* HUBComponentImageDataJSONSchema.h */ = {isa = PBXFileReference; lastKnownFileType = sourcecode.c.h; path = HUBComponentImageDataJSONSchema.h; sourceTree = "<group>"; };
		8ACB2A791C6A2F7C000741D7 /* HUBComponentIdentifier.m */ = {isa = PBXFileReference; fileEncoding = 4; lastKnownFileType = sourcecode.c.objc; path = HUBComponentIdentifier.m; sourceTree = "<group>"; };
		8ACB2A7B1C6A2F99000741D7 /* HUBComponentIdentifierTests.m */ = {isa = PBXFileReference; fileEncoding = 4; lastKnownFileType = sourcecode.c.objc; path = HUBComponentIdentifierTests.m; sourceTree = "<group>"; };
		8ACB2A7D1C6A2FA5000741D7 /* HUBComponentIdentifier.h */ = {isa = PBXFileReference; lastKnownFileType = sourcecode.c.h; path = HUBComponentIdentifier.h; sourceTree = "<group>"; };
		8AD064541C64B6DB0086C081 /* HUBComponentModelJSONSchemaImplementation.h */ = {isa = PBXFileReference; fileEncoding = 4; lastKnownFileType = sourcecode.c.h; path = HUBComponentModelJSONSchemaImplementation.h; sourceTree = "<group>"; };
		8AD064551C64B6DB0086C081 /* HUBComponentModelJSONSchemaImplementation.m */ = {isa = PBXFileReference; fileEncoding = 4; lastKnownFileType = sourcecode.c.objc; path = HUBComponentModelJSONSchemaImplementation.m; sourceTree = "<group>"; };
		8AD064571C64B76B0086C081 /* HUBJSONSchemaRegistryTests.m */ = {isa = PBXFileReference; fileEncoding = 4; lastKnownFileType = sourcecode.c.objc; path = HUBJSONSchemaRegistryTests.m; sourceTree = "<group>"; };
		8AD064591C64D2EA0086C081 /* HUBJSONCompatibleBuilder.h */ = {isa = PBXFileReference; lastKnownFileType = sourcecode.c.h; path = HUBJSONCompatibleBuilder.h; sourceTree = "<group>"; };
		8AD0645A1C64DF7D0086C081 /* HUBConnectivityStateResolver.h */ = {isa = PBXFileReference; lastKnownFileType = sourcecode.c.h; path = HUBConnectivityStateResolver.h; sourceTree = "<group>"; };
		8AD0645B1C64F4510086C081 /* HUBConnectivityStateResolverMock.h */ = {isa = PBXFileReference; fileEncoding = 4; lastKnownFileType = sourcecode.c.h; path = HUBConnectivityStateResolverMock.h; sourceTree = "<group>"; };
		8AD0645C1C64F4510086C081 /* HUBConnectivityStateResolverMock.m */ = {isa = PBXFileReference; fileEncoding = 4; lastKnownFileType = sourcecode.c.objc; path = HUBConnectivityStateResolverMock.m; sourceTree = "<group>"; };
		8AD0645F1C64F5460086C081 /* HUBViewModelLoaderTests.m */ = {isa = PBXFileReference; fileEncoding = 4; lastKnownFileType = sourcecode.c.objc; path = HUBViewModelLoaderTests.m; sourceTree = "<group>"; };
		8AD064611C64F5F30086C081 /* HUBRemoteContentProviderMock.h */ = {isa = PBXFileReference; fileEncoding = 4; lastKnownFileType = sourcecode.c.h; path = HUBRemoteContentProviderMock.h; sourceTree = "<group>"; };
		8AD064621C64F5F30086C081 /* HUBRemoteContentProviderMock.m */ = {isa = PBXFileReference; fileEncoding = 4; lastKnownFileType = sourcecode.c.objc; path = HUBRemoteContentProviderMock.m; sourceTree = "<group>"; };
		8AD064641C64F7C30086C081 /* HUBLocalContentProviderMock.h */ = {isa = PBXFileReference; fileEncoding = 4; lastKnownFileType = sourcecode.c.h; path = HUBLocalContentProviderMock.h; sourceTree = "<group>"; };
		8AD064651C64F7C30086C081 /* HUBLocalContentProviderMock.m */ = {isa = PBXFileReference; fileEncoding = 4; lastKnownFileType = sourcecode.c.objc; path = HUBLocalContentProviderMock.m; sourceTree = "<group>"; };
		8AD064721C68F0820086C081 /* HUBViewModelLoaderFactoryImplementation.h */ = {isa = PBXFileReference; fileEncoding = 4; lastKnownFileType = sourcecode.c.h; path = HUBViewModelLoaderFactoryImplementation.h; sourceTree = "<group>"; };
		8AD064731C68F0820086C081 /* HUBViewModelLoaderFactoryImplementation.m */ = {isa = PBXFileReference; fileEncoding = 4; lastKnownFileType = sourcecode.c.objc; path = HUBViewModelLoaderFactoryImplementation.m; sourceTree = "<group>"; };
		8AD064751C68FCAD0086C081 /* HUBViewModelLoader.h */ = {isa = PBXFileReference; lastKnownFileType = sourcecode.c.h; path = HUBViewModelLoader.h; sourceTree = "<group>"; };
		8AD064761C69069A0086C081 /* HUBViewModelLoaderFactory.h */ = {isa = PBXFileReference; lastKnownFileType = sourcecode.c.h; path = HUBViewModelLoaderFactory.h; sourceTree = "<group>"; };
		8AD064781C69FFD00086C081 /* HUBViewModelLoaderFactoryTests.m */ = {isa = PBXFileReference; fileEncoding = 4; lastKnownFileType = sourcecode.c.objc; path = HUBViewModelLoaderFactoryTests.m; sourceTree = "<group>"; };
		8ADD42901C21C7BC00D1A801 /* HUBManager.h */ = {isa = PBXFileReference; lastKnownFileType = sourcecode.c.h; path = HUBManager.h; sourceTree = "<group>"; };
		8ADD42911C21C81100D1A801 /* HUBManager.m */ = {isa = PBXFileReference; fileEncoding = 4; lastKnownFileType = sourcecode.c.objc; path = HUBManager.m; sourceTree = "<group>"; };
		8ADD42931C21C94800D1A801 /* HUBComponentRegistry.h */ = {isa = PBXFileReference; lastKnownFileType = sourcecode.c.h; path = HUBComponentRegistry.h; sourceTree = "<group>"; };
		8ADD42991C21CF6500D1A801 /* HubFrameworkTests.xctest */ = {isa = PBXFileReference; explicitFileType = wrapper.cfbundle; includeInIndex = 0; path = HubFrameworkTests.xctest; sourceTree = BUILT_PRODUCTS_DIR; };
		8ADD42A51C21CFE800D1A801 /* HUBComponentRegistryTests.m */ = {isa = PBXFileReference; fileEncoding = 4; lastKnownFileType = sourcecode.c.objc; path = HUBComponentRegistryTests.m; sourceTree = "<group>"; };
		8ADD42A61C21CFE800D1A801 /* Info.plist */ = {isa = PBXFileReference; fileEncoding = 4; lastKnownFileType = text.plist.xml; path = Info.plist; sourceTree = "<group>"; };
		8ADD42A91C21D08100D1A801 /* HUBManagerTests.m */ = {isa = PBXFileReference; fileEncoding = 4; lastKnownFileType = sourcecode.c.objc; path = HUBManagerTests.m; sourceTree = "<group>"; };
		8ADD42AB1C21D13400D1A801 /* HUBComponentFallbackHandler.h */ = {isa = PBXFileReference; lastKnownFileType = sourcecode.c.h; path = HUBComponentFallbackHandler.h; sourceTree = "<group>"; };
		8ADD42AD1C21D65600D1A801 /* HUBComponentModel.h */ = {isa = PBXFileReference; lastKnownFileType = sourcecode.c.h; path = HUBComponentModel.h; sourceTree = "<group>"; };
		8ADD42AF1C21D8D700D1A801 /* HUBComponentFallbackHandlerMock.h */ = {isa = PBXFileReference; fileEncoding = 4; lastKnownFileType = sourcecode.c.h; path = HUBComponentFallbackHandlerMock.h; sourceTree = "<group>"; };
		8ADD42B01C21D8D700D1A801 /* HUBComponentFallbackHandlerMock.m */ = {isa = PBXFileReference; fileEncoding = 4; lastKnownFileType = sourcecode.c.objc; path = HUBComponentFallbackHandlerMock.m; sourceTree = "<group>"; };
		8ADD43771C21DBE300D1A801 /* HUBComponentMock.h */ = {isa = PBXFileReference; fileEncoding = 4; lastKnownFileType = sourcecode.c.h; path = HUBComponentMock.h; sourceTree = "<group>"; };
		8ADD43781C21DBE300D1A801 /* HUBComponentMock.m */ = {isa = PBXFileReference; fileEncoding = 4; lastKnownFileType = sourcecode.c.objc; path = HUBComponentMock.m; sourceTree = "<group>"; };
		8AE2789E1C6236E400DFAF99 /* HUBComponentImageDataJSONSchemaImplementation.h */ = {isa = PBXFileReference; fileEncoding = 4; lastKnownFileType = sourcecode.c.h; path = HUBComponentImageDataJSONSchemaImplementation.h; sourceTree = "<group>"; };
		8AE2789F1C6236E400DFAF99 /* HUBComponentImageDataJSONSchemaImplementation.m */ = {isa = PBXFileReference; fileEncoding = 4; lastKnownFileType = sourcecode.c.objc; path = HUBComponentImageDataJSONSchemaImplementation.m; sourceTree = "<group>"; };
		8AF5B57D1C64B59E001FF228 /* HUBViewModelLoaderImplementation.h */ = {isa = PBXFileReference; fileEncoding = 4; lastKnownFileType = sourcecode.c.h; path = HUBViewModelLoaderImplementation.h; sourceTree = "<group>"; };
		8AF5B57E1C64B59E001FF228 /* HUBViewModelLoaderImplementation.m */ = {isa = PBXFileReference; fileEncoding = 4; lastKnownFileType = sourcecode.c.objc; path = HUBViewModelLoaderImplementation.m; sourceTree = "<group>"; };
		8AF9FA031C5254D5003F3D6C /* HUBViewModel.h */ = {isa = PBXFileReference; lastKnownFileType = sourcecode.c.h; path = HUBViewModel.h; sourceTree = "<group>"; };
		8AF9FA051C5254F5003F3D6C /* HUBViewModelImplementation.h */ = {isa = PBXFileReference; fileEncoding = 4; lastKnownFileType = sourcecode.c.h; path = HUBViewModelImplementation.h; sourceTree = "<group>"; };
		8AF9FA061C5254F5003F3D6C /* HUBViewModelImplementation.m */ = {isa = PBXFileReference; fileEncoding = 4; lastKnownFileType = sourcecode.c.objc; path = HUBViewModelImplementation.m; sourceTree = "<group>"; };
		DD13758E1C68C76000AD3499 /* project.xcconfig */ = {isa = PBXFileReference; lastKnownFileType = text.xcconfig; path = project.xcconfig; sourceTree = "<group>"; };
		DD13758F1C68C76000AD3499 /* spotify_os.xcconfig */ = {isa = PBXFileReference; lastKnownFileType = text.xcconfig; path = spotify_os.xcconfig; sourceTree = "<group>"; };
		DDBCF36B1C68DD2300693038 /* UIKit.framework */ = {isa = PBXFileReference; lastKnownFileType = wrapper.framework; name = UIKit.framework; path = System/Library/Frameworks/UIKit.framework; sourceTree = SDKROOT; };
		DDBCF36D1C68DE2C00693038 /* CoreGraphics.framework */ = {isa = PBXFileReference; lastKnownFileType = wrapper.framework; name = CoreGraphics.framework; path = System/Library/Frameworks/CoreGraphics.framework; sourceTree = SDKROOT; };
/* End PBXFileReference section */

/* Begin PBXFrameworksBuildPhase section */
		8A07549B1C21A79200AFAD38 /* Frameworks */ = {
			isa = PBXFrameworksBuildPhase;
			buildActionMask = 2147483647;
			files = (
				DDBCF36E1C68DE2C00693038 /* CoreGraphics.framework in Frameworks */,
				DDBCF36C1C68DD2300693038 /* UIKit.framework in Frameworks */,
			);
			runOnlyForDeploymentPostprocessing = 0;
		};
		8ADD42961C21CF6500D1A801 /* Frameworks */ = {
			isa = PBXFrameworksBuildPhase;
			buildActionMask = 2147483647;
			files = (
				DDBCF3701C68DE5000693038 /* UIKit.framework in Frameworks */,
				DDBCF36F1C68DE4900693038 /* CoreGraphics.framework in Frameworks */,
				8ADD429E1C21CF6500D1A801 /* libHubFramework.a in Frameworks */,
			);
			runOnlyForDeploymentPostprocessing = 0;
		};
/* End PBXFrameworksBuildPhase section */

/* Begin PBXGroup section */
		8A0754951C21A79200AFAD38 = {
			isa = PBXGroup;
			children = (
				8A0754AA1C21A7B600AFAD38 /* include */,
				8A0754AB1C21A7B600AFAD38 /* sources */,
				8ADD42A41C21CFE800D1A801 /* tests */,
				8A07549F1C21A79200AFAD38 /* Products */,
				8A88089B1C21AC8C00ADB737 /* Build System */,
			);
			sourceTree = "<group>";
		};
		8A07549F1C21A79200AFAD38 /* Products */ = {
			isa = PBXGroup;
			children = (
				8A07549E1C21A79200AFAD38 /* libHubFramework.a */,
				8ADD42991C21CF6500D1A801 /* HubFrameworkTests.xctest */,
			);
			name = Products;
			sourceTree = "<group>";
		};
		8A0754AA1C21A7B600AFAD38 /* include */ = {
			isa = PBXGroup;
			children = (
				8A880ACF1C21AE9000ADB737 /* HubFramework.h */,
				8ADD42901C21C7BC00D1A801 /* HUBManager.h */,
				8AD0645A1C64DF7D0086C081 /* HUBConnectivityStateResolver.h */,
				8A786BA01C5A29E000B2AB9E /* JSON */,
				8AA97C071C60B9490078F19D /* Feature */,
				8A786B971C58E3B100B2AB9E /* Content */,
				8AF9FA021C5254CA003F3D6C /* View */,
				8ADD42AC1C21D13B00D1A801 /* Components */,
			);
			name = include;
			path = include/HubFramework;
			sourceTree = "<group>";
		};
		8A0754AB1C21A7B600AFAD38 /* sources */ = {
			isa = PBXGroup;
			children = (
				8ADD42911C21C81100D1A801 /* HUBManager.m */,
				8A786BA51C5A2E7B00B2AB9E /* JSON */,
				8AA97C0A1C60BA3D0078F19D /* Feature */,
				8AF9FA041C5254E8003F3D6C /* View */,
				8AA29C891C4FAD4200E972B7 /* Components */,
			);
			path = sources;
			sourceTree = "<group>";
		};
		8A786B971C58E3B100B2AB9E /* Content */ = {
			isa = PBXGroup;
			children = (
				8A786B991C58E4A300B2AB9E /* HUBContentProviderFactory.h */,
				8A786B981C58E3FB00B2AB9E /* HUBRemoteContentProvider.h */,
				8A786B9A1C58E4AD00B2AB9E /* HUBLocalContentProvider.h */,
			);
			name = Content;
			sourceTree = "<group>";
		};
		8A786BA01C5A29E000B2AB9E /* JSON */ = {
			isa = PBXGroup;
			children = (
				8A786BA11C5A29F800B2AB9E /* HUBJSONSchema.h */,
				8A786BAE1C5A37E200B2AB9E /* HUBViewModelJSONSchema.h */,
				8A786BAF1C5A37F000B2AB9E /* HUBComponentModelJSONSchema.h */,
				8AA97C1F1C60D8270078F19D /* HUBComponentImageDataJSONSchema.h */,
				8A786BA41C5A2E2A00B2AB9E /* HUBJSONSchemaRegistry.h */,
				8A786BAC1C5A345D00B2AB9E /* HUBJSONPath.h */,
				8A786BAD1C5A34C000B2AB9E /* HUBMutableJSONPath.h */,
			);
			name = JSON;
			sourceTree = "<group>";
		};
		8A786BA51C5A2E7B00B2AB9E /* JSON */ = {
			isa = PBXGroup;
			children = (
				8A786BB01C5A383800B2AB9E /* HUBViewModelJSONSchemaImplementation.h */,
				8A786BB11C5A383800B2AB9E /* HUBViewModelJSONSchemaImplementation.m */,
				8AD064541C64B6DB0086C081 /* HUBComponentModelJSONSchemaImplementation.h */,
				8AD064551C64B6DB0086C081 /* HUBComponentModelJSONSchemaImplementation.m */,
				8AE2789E1C6236E400DFAF99 /* HUBComponentImageDataJSONSchemaImplementation.h */,
				8AE2789F1C6236E400DFAF99 /* HUBComponentImageDataJSONSchemaImplementation.m */,
				8A786BA91C5A326300B2AB9E /* HUBJSONSchemaImplementation.h */,
				8A786BAA1C5A326300B2AB9E /* HUBJSONSchemaImplementation.m */,
				8A786BA61C5A2E8F00B2AB9E /* HUBJSONSchemaRegistryImplementation.h */,
				8A786BA71C5A2E8F00B2AB9E /* HUBJSONSchemaRegistryImplementation.m */,
				8A786BB61C5A4CB400B2AB9E /* HUBMutableJSONPathImplementation.h */,
				8A786BB71C5A4CB400B2AB9E /* HUBMutableJSONPathImplementation.m */,
				8A786BBC1C5A595900B2AB9E /* HUBJSONPathImplementation.h */,
				8A786BBD1C5A595900B2AB9E /* HUBJSONPathImplementation.m */,
				8A786BB91C5A4F1800B2AB9E /* HUBJSONParsingOperation.h */,
				8A786BBA1C5A4F1800B2AB9E /* HUBJSONParsingOperation.m */,
				8AD064591C64D2EA0086C081 /* HUBJSONCompatibleBuilder.h */,
			);
			name = JSON;
			sourceTree = "<group>";
		};
		8A88089B1C21AC8C00ADB737 /* Build System */ = {
			isa = PBXGroup;
			children = (
				DDBCF36D1C68DE2C00693038 /* CoreGraphics.framework */,
				DDBCF36B1C68DD2300693038 /* UIKit.framework */,
				DD13758E1C68C76000AD3499 /* project.xcconfig */,
				DD13758F1C68C76000AD3499 /* spotify_os.xcconfig */,
			);
			name = "Build System";
			sourceTree = "<group>";
		};
		8AA29C891C4FAD4200E972B7 /* Components */ = {
			isa = PBXGroup;
			children = (
				8ACB2A791C6A2F7C000741D7 /* HUBComponentIdentifier.m */,
				8AA29C831C4FAA9200E972B7 /* HUBComponentModelImplementation.h */,
				8AA29C841C4FAA9200E972B7 /* HUBComponentModelImplementation.m */,
				8AA29C8A1C4FAD6700E972B7 /* HUBComponentModelBuilderImplementation.h */,
				8AA29C8B1C4FAD6700E972B7 /* HUBComponentModelBuilderImplementation.m */,
				8AA29C861C4FAB6200E972B7 /* HUBComponentImageDataImplementation.h */,
				8AA29C871C4FAB6200E972B7 /* HUBComponentImageDataImplementation.m */,
				8AA29C8D1C4FAFC100E972B7 /* HUBComponentImageDataBuilderImplementation.h */,
				8AA29C8E1C4FAFC100E972B7 /* HUBComponentImageDataBuilderImplementation.m */,
				8A88089E1C21AD0900ADB737 /* HUBComponentRegistryImplementation.h */,
				8A88089F1C21AD0900ADB737 /* HUBComponentRegistryImplementation.m */,
			);
			name = Components;
			sourceTree = "<group>";
		};
		8AA97C071C60B9490078F19D /* Feature */ = {
			isa = PBXGroup;
			children = (
				8AA97C081C60B95E0078F19D /* HUBFeatureConfiguration.h */,
				8AA97C091C60B9FE0078F19D /* HUBFeatureRegistry.h */,
			);
			name = Feature;
			sourceTree = "<group>";
		};
		8AA97C0A1C60BA3D0078F19D /* Feature */ = {
			isa = PBXGroup;
			children = (
				8AA97C0F1C60BB380078F19D /* HUBFeatureConfigurationImplementation.h */,
				8AA97C101C60BB380078F19D /* HUBFeatureConfigurationImplementation.m */,
				8AA97C0B1C60BA4E0078F19D /* HUBFeatureRegistryImplementation.h */,
				8AA97C0C1C60BA4E0078F19D /* HUBFeatureRegistryImplementation.m */,
				8AA97C121C60BD6D0078F19D /* HUBFeatureRegistration.h */,
				8AA97C131C60BD6D0078F19D /* HUBFeatureRegistration.m */,
			);
			name = Feature;
			sourceTree = "<group>";
		};
		8ADD42A41C21CFE800D1A801 /* tests */ = {
			isa = PBXGroup;
			children = (
				8ADD42AE1C21D8C900D1A801 /* mocks */,
				8ADD42A91C21D08100D1A801 /* HUBManagerTests.m */,
				8AD0645F1C64F5460086C081 /* HUBViewModelLoaderTests.m */,
				8AD064781C69FFD00086C081 /* HUBViewModelLoaderFactoryTests.m */,
				8A786B951C57E6F300B2AB9E /* HUBViewModelBuilderTests.m */,
				8ACB2A7B1C6A2F99000741D7 /* HUBComponentIdentifierTests.m */,
				8ADD42A51C21CFE800D1A801 /* HUBComponentRegistryTests.m */,
				8AA29CF71C4FE59100E972B7 /* HUBComponentModelBuilderTests.m */,
				8A58E0E21C5A77C700F41A5C /* HUBJSONPathTests.m */,
				8A58E1461C5B79A900F41A5C /* HUBMutableJSONPathTests.m */,
				8AD064571C64B76B0086C081 /* HUBJSONSchemaRegistryTests.m */,
				8A58E1481C5FA62E00F41A5C /* HUBComponentImageDataBuilderTests.m */,
				8AA97C151C60C5320078F19D /* HUBFeatureRegistryTests.m */,
				8ADD42A61C21CFE800D1A801 /* Info.plist */,
			);
			path = tests;
			sourceTree = "<group>";
		};
		8ADD42AC1C21D13B00D1A801 /* Components */ = {
			isa = PBXGroup;
			children = (
				8A0754AC1C21A7C700AFAD38 /* HUBComponent.h */,
				8ACB2A7D1C6A2FA5000741D7 /* HUBComponentIdentifier.h */,
				8ADD42AD1C21D65600D1A801 /* HUBComponentModel.h */,
				8AA29C801C4FA7B600E972B7 /* HUBComponentModelBuilder.h */,
				8AA29C7F1C4FA5FE00E972B7 /* HUBComponentImageData.h */,
				8AA29C811C4FA8C400E972B7 /* HUBComponentImageDataBuilder.h */,
				8ADD42931C21C94800D1A801 /* HUBComponentRegistry.h */,
				8ADD42AB1C21D13400D1A801 /* HUBComponentFallbackHandler.h */,
			);
			name = Components;
			sourceTree = "<group>";
		};
		8ADD42AE1C21D8C900D1A801 /* mocks */ = {
			isa = PBXGroup;
			children = (
				8ADD43771C21DBE300D1A801 /* HUBComponentMock.h */,
				8ADD43781C21DBE300D1A801 /* HUBComponentMock.m */,
				8ADD42AF1C21D8D700D1A801 /* HUBComponentFallbackHandlerMock.h */,
				8ADD42B01C21D8D700D1A801 /* HUBComponentFallbackHandlerMock.m */,
				8AA97C171C60C5CD0078F19D /* HUBContentProviderFactoryMock.h */,
				8AA97C181C60C5CD0078F19D /* HUBContentProviderFactoryMock.m */,
				8AD064611C64F5F30086C081 /* HUBRemoteContentProviderMock.h */,
				8AD064621C64F5F30086C081 /* HUBRemoteContentProviderMock.m */,
				8AD064641C64F7C30086C081 /* HUBLocalContentProviderMock.h */,
				8AD064651C64F7C30086C081 /* HUBLocalContentProviderMock.m */,
				8AA97C1C1C60CE980078F19D /* HUBViewURIQualifierMock.h */,
				8AA97C1D1C60CE980078F19D /* HUBViewURIQualifierMock.m */,
				8AD0645B1C64F4510086C081 /* HUBConnectivityStateResolverMock.h */,
				8AD0645C1C64F4510086C081 /* HUBConnectivityStateResolverMock.m */,
			);
			path = mocks;
			sourceTree = "<group>";
		};
		8AF9FA021C5254CA003F3D6C /* View */ = {
			isa = PBXGroup;
			children = (
				8AF9FA031C5254D5003F3D6C /* HUBViewModel.h */,
				8AD064751C68FCAD0086C081 /* HUBViewModelLoader.h */,
				8AD064761C69069A0086C081 /* HUBViewModelLoaderFactory.h */,
				8A786B911C57D53600B2AB9E /* HUBViewModelBuilder.h */,
				8AA97C1B1C60C9F80078F19D /* HUBViewURIQualifier.h */,
			);
			name = View;
			sourceTree = "<group>";
		};
		8AF9FA041C5254E8003F3D6C /* View */ = {
			isa = PBXGroup;
			children = (
				8AF9FA051C5254F5003F3D6C /* HUBViewModelImplementation.h */,
				8AF9FA061C5254F5003F3D6C /* HUBViewModelImplementation.m */,
				8AF5B57D1C64B59E001FF228 /* HUBViewModelLoaderImplementation.h */,
				8AF5B57E1C64B59E001FF228 /* HUBViewModelLoaderImplementation.m */,
				8AD064721C68F0820086C081 /* HUBViewModelLoaderFactoryImplementation.h */,
				8AD064731C68F0820086C081 /* HUBViewModelLoaderFactoryImplementation.m */,
				8A786B921C57D62100B2AB9E /* HUBViewModelBuilderImplementation.h */,
				8A786B931C57D62100B2AB9E /* HUBViewModelBuilderImplementation.m */,
			);
			name = View;
			sourceTree = "<group>";
		};
/* End PBXGroup section */

/* Begin PBXNativeTarget section */
		8A07549D1C21A79200AFAD38 /* HubFramework */ = {
			isa = PBXNativeTarget;
			buildConfigurationList = 8A0754A71C21A79200AFAD38 /* Build configuration list for PBXNativeTarget "HubFramework" */;
			buildPhases = (
				8A07549A1C21A79200AFAD38 /* Sources */,
				8A07549B1C21A79200AFAD38 /* Frameworks */,
				8A07549C1C21A79200AFAD38 /* CopyFiles */,
			);
			buildRules = (
			);
			dependencies = (
			);
			name = HubFramework;
			productName = HubFramework;
			productReference = 8A07549E1C21A79200AFAD38 /* libHubFramework.a */;
			productType = "com.apple.product-type.library.static";
		};
		8ADD42981C21CF6500D1A801 /* HubFrameworkTests */ = {
			isa = PBXNativeTarget;
			buildConfigurationList = 8ADD42A11C21CF6500D1A801 /* Build configuration list for PBXNativeTarget "HubFrameworkTests" */;
			buildPhases = (
				8ADD42951C21CF6500D1A801 /* Sources */,
				8ADD42961C21CF6500D1A801 /* Frameworks */,
				8ADD42971C21CF6500D1A801 /* Resources */,
			);
			buildRules = (
			);
			dependencies = (
				8ADD42A01C21CF6500D1A801 /* PBXTargetDependency */,
			);
			name = HubFrameworkTests;
			productName = HubFrameworkTests;
			productReference = 8ADD42991C21CF6500D1A801 /* HubFrameworkTests.xctest */;
			productType = "com.apple.product-type.bundle.unit-test";
		};
/* End PBXNativeTarget section */

/* Begin PBXProject section */
		8A0754961C21A79200AFAD38 /* Project object */ = {
			isa = PBXProject;
			attributes = {
				LastUpgradeCheck = 0720;
				ORGANIZATIONNAME = Spotify;
				TargetAttributes = {
					8A07549D1C21A79200AFAD38 = {
						CreatedOnToolsVersion = 7.1;
					};
					8ADD42981C21CF6500D1A801 = {
						CreatedOnToolsVersion = 7.1;
					};
				};
			};
			buildConfigurationList = 8A0754991C21A79200AFAD38 /* Build configuration list for PBXProject "HubFramework" */;
			compatibilityVersion = "Xcode 3.2";
			developmentRegion = English;
			hasScannedForEncodings = 0;
			knownRegions = (
				en,
			);
			mainGroup = 8A0754951C21A79200AFAD38;
			productRefGroup = 8A07549F1C21A79200AFAD38 /* Products */;
			projectDirPath = "";
			projectRoot = "";
			targets = (
				8A07549D1C21A79200AFAD38 /* HubFramework */,
				8ADD42981C21CF6500D1A801 /* HubFrameworkTests */,
			);
		};
/* End PBXProject section */

/* Begin PBXResourcesBuildPhase section */
		8ADD42971C21CF6500D1A801 /* Resources */ = {
			isa = PBXResourcesBuildPhase;
			buildActionMask = 2147483647;
			files = (
			);
			runOnlyForDeploymentPostprocessing = 0;
		};
/* End PBXResourcesBuildPhase section */

/* Begin PBXSourcesBuildPhase section */
		8A07549A1C21A79200AFAD38 /* Sources */ = {
			isa = PBXSourcesBuildPhase;
			buildActionMask = 2147483647;
			files = (
				8A8808A01C21AD0900ADB737 /* HUBComponentRegistryImplementation.m in Sources */,
				8AA29C881C4FAB6200E972B7 /* HUBComponentImageDataImplementation.m in Sources */,
				8A786BBE1C5A595900B2AB9E /* HUBJSONPathImplementation.m in Sources */,
				8AA29C851C4FAA9200E972B7 /* HUBComponentModelImplementation.m in Sources */,
				8AD064741C68F0820086C081 /* HUBViewModelLoaderFactoryImplementation.m in Sources */,
				8ADD42921C21C81100D1A801 /* HUBManager.m in Sources */,
				8A786BBB1C5A4F1800B2AB9E /* HUBJSONParsingOperation.m in Sources */,
				8AA29C8C1C4FAD6700E972B7 /* HUBComponentModelBuilderImplementation.m in Sources */,
				8ACB2A7A1C6A2F7C000741D7 /* HUBComponentIdentifier.m in Sources */,
				8A786BB81C5A4CB400B2AB9E /* HUBMutableJSONPathImplementation.m in Sources */,
				8A786BB21C5A383800B2AB9E /* HUBViewModelJSONSchemaImplementation.m in Sources */,
				8AF5B57F1C64B59E001FF228 /* HUBViewModelLoaderImplementation.m in Sources */,
				8AA97C141C60BD6D0078F19D /* HUBFeatureRegistration.m in Sources */,
				8AA97C111C60BB380078F19D /* HUBFeatureConfigurationImplementation.m in Sources */,
				8AF9FA071C5254F5003F3D6C /* HUBViewModelImplementation.m in Sources */,
				8A786BAB1C5A326300B2AB9E /* HUBJSONSchemaImplementation.m in Sources */,
				8AD064561C64B6DB0086C081 /* HUBComponentModelJSONSchemaImplementation.m in Sources */,
				8A786BA81C5A2E8F00B2AB9E /* HUBJSONSchemaRegistryImplementation.m in Sources */,
				8AA97C0D1C60BA4E0078F19D /* HUBFeatureRegistryImplementation.m in Sources */,
				8A786B941C57D62100B2AB9E /* HUBViewModelBuilderImplementation.m in Sources */,
				8AA29C8F1C4FAFC100E972B7 /* HUBComponentImageDataBuilderImplementation.m in Sources */,
				8AE278A01C6236E400DFAF99 /* HUBComponentImageDataJSONSchemaImplementation.m in Sources */,
			);
			runOnlyForDeploymentPostprocessing = 0;
		};
		8ADD42951C21CF6500D1A801 /* Sources */ = {
			isa = PBXSourcesBuildPhase;
			buildActionMask = 2147483647;
			files = (
				8AD064791C69FFD00086C081 /* HUBViewModelLoaderFactoryTests.m in Sources */,
				8AA97C1A1C60C5F60078F19D /* HUBContentProviderFactoryMock.m in Sources */,
				8A58E1491C5FA62E00F41A5C /* HUBComponentImageDataBuilderTests.m in Sources */,
				8ADD42A71C21CFE800D1A801 /* HUBComponentRegistryTests.m in Sources */,
				8AA29CF81C4FE59100E972B7 /* HUBComponentModelBuilderTests.m in Sources */,
				8AD064631C64F5F30086C081 /* HUBRemoteContentProviderMock.m in Sources */,
				8AA97C1E1C60CE980078F19D /* HUBViewURIQualifierMock.m in Sources */,
				8AA97C161C60C5320078F19D /* HUBFeatureRegistryTests.m in Sources */,
				8AD064581C64B76B0086C081 /* HUBJSONSchemaRegistryTests.m in Sources */,
				8ADD43791C21DBE300D1A801 /* HUBComponentMock.m in Sources */,
				8AD064601C64F5460086C081 /* HUBViewModelLoaderTests.m in Sources */,
				8ACB2A7C1C6A2F99000741D7 /* HUBComponentIdentifierTests.m in Sources */,
				8A58E0E31C5A77C700F41A5C /* HUBJSONPathTests.m in Sources */,
				8ADD42B11C21D8D700D1A801 /* HUBComponentFallbackHandlerMock.m in Sources */,
				8AD0645E1C64F45A0086C081 /* HUBConnectivityStateResolverMock.m in Sources */,
				8AD064661C64F7C30086C081 /* HUBLocalContentProviderMock.m in Sources */,
				8A786B961C57E6F300B2AB9E /* HUBViewModelBuilderTests.m in Sources */,
				8ADD42AA1C21D08100D1A801 /* HUBManagerTests.m in Sources */,
				8A58E1471C5B79A900F41A5C /* HUBMutableJSONPathTests.m in Sources */,
			);
			runOnlyForDeploymentPostprocessing = 0;
		};
/* End PBXSourcesBuildPhase section */

/* Begin PBXTargetDependency section */
		8ADD42A01C21CF6500D1A801 /* PBXTargetDependency */ = {
			isa = PBXTargetDependency;
			target = 8A07549D1C21A79200AFAD38 /* HubFramework */;
			targetProxy = 8ADD429F1C21CF6500D1A801 /* PBXContainerItemProxy */;
		};
/* End PBXTargetDependency section */

/* Begin XCBuildConfiguration section */
		8A0754A51C21A79200AFAD38 /* Debug */ = {
			isa = XCBuildConfiguration;
			baseConfigurationReference = DD13758E1C68C76000AD3499 /* project.xcconfig */;
			buildSettings = {
				"CODE_SIGN_IDENTITY[sdk=iphoneos*]" = "iPhone Developer";
				ENABLE_STRICT_OBJC_MSGSEND = YES;
				GCC_DYNAMIC_NO_PIC = NO;
				MTL_ENABLE_DEBUG_INFO = YES;
				SDKROOT = iphoneos;
			};
			name = Debug;
		};
		8A0754A61C21A79200AFAD38 /* Release */ = {
			isa = XCBuildConfiguration;
			baseConfigurationReference = DD13758E1C68C76000AD3499 /* project.xcconfig */;
			buildSettings = {
				"CODE_SIGN_IDENTITY[sdk=iphoneos*]" = "iPhone Developer";
				ENABLE_STRICT_OBJC_MSGSEND = YES;
				MTL_ENABLE_DEBUG_INFO = NO;
				SDKROOT = iphoneos;
				VALIDATE_PRODUCT = YES;
			};
			name = Release;
		};
		8A0754A81C21A79200AFAD38 /* Debug */ = {
			isa = XCBuildConfiguration;
			buildSettings = {
				DEFINES_MODULE = NO;
				OTHER_LDFLAGS = "-ObjC";
				PRODUCT_NAME = "$(TARGET_NAME)";
				SKIP_INSTALL = YES;
			};
			name = Debug;
		};
		8A0754A91C21A79200AFAD38 /* Release */ = {
			isa = XCBuildConfiguration;
			buildSettings = {
				DEFINES_MODULE = NO;
				OTHER_LDFLAGS = "-ObjC";
				PRODUCT_NAME = "$(TARGET_NAME)";
				SKIP_INSTALL = YES;
			};
			name = Release;
		};
		8ADD42A21C21CF6500D1A801 /* Debug */ = {
			isa = XCBuildConfiguration;
			buildSettings = {
				INFOPLIST_FILE = tests/Info.plist;
				LD_RUNPATH_SEARCH_PATHS = "$(inherited) @executable_path/Frameworks @loader_path/Frameworks";
				PRODUCT_BUNDLE_IDENTIFIER = com.spotify.HubFrameworkTests;
				PRODUCT_NAME = "$(TARGET_NAME)";
			};
			name = Debug;
		};
		8ADD42A31C21CF6500D1A801 /* Release */ = {
			isa = XCBuildConfiguration;
			buildSettings = {
				INFOPLIST_FILE = tests/Info.plist;
				LD_RUNPATH_SEARCH_PATHS = "$(inherited) @executable_path/Frameworks @loader_path/Frameworks";
				PRODUCT_BUNDLE_IDENTIFIER = com.spotify.HubFrameworkTests;
				PRODUCT_NAME = "$(TARGET_NAME)";
			};
			name = Release;
		};
/* End XCBuildConfiguration section */

/* Begin XCConfigurationList section */
		8A0754991C21A79200AFAD38 /* Build configuration list for PBXProject "HubFramework" */ = {
			isa = XCConfigurationList;
			buildConfigurations = (
				8A0754A51C21A79200AFAD38 /* Debug */,
				8A0754A61C21A79200AFAD38 /* Release */,
			);
			defaultConfigurationIsVisible = 0;
			defaultConfigurationName = Release;
		};
		8A0754A71C21A79200AFAD38 /* Build configuration list for PBXNativeTarget "HubFramework" */ = {
			isa = XCConfigurationList;
			buildConfigurations = (
				8A0754A81C21A79200AFAD38 /* Debug */,
				8A0754A91C21A79200AFAD38 /* Release */,
			);
			defaultConfigurationIsVisible = 0;
			defaultConfigurationName = Release;
		};
		8ADD42A11C21CF6500D1A801 /* Build configuration list for PBXNativeTarget "HubFrameworkTests" */ = {
			isa = XCConfigurationList;
			buildConfigurations = (
				8ADD42A21C21CF6500D1A801 /* Debug */,
				8ADD42A31C21CF6500D1A801 /* Release */,
			);
			defaultConfigurationIsVisible = 0;
			defaultConfigurationName = Release;
		};
/* End XCConfigurationList section */
	};
	rootObject = 8A0754961C21A79200AFAD38 /* Project object */;
}
